
Microsoft Visual Studio Solution File, Format Version 12.00
# Visual Studio 15
VisualStudioVersion = 15.0.27428.1
MinimumVisualStudioVersion = 10.0.40219.1
Project("{2150E333-8FDC-42A3-9474-1A3956D46DE8}") = "01 kintamieji", "01 kintamieji", "{6C43422B-CC84-4A69-A99E-EDD23A91E7B9}"
EndProject
Project("{2150E333-8FDC-42A3-9474-1A3956D46DE8}") = "02 isvedimas", "02 isvedimas", "{F6ABB757-994F-4D82-AF14-067FA6E8EDEC}"
EndProject
Project("{FAE04EC0-301F-11D3-BF4B-00C04F79EFBC}") = "01 Ivedimas", "01 Ivedimas\01 Ivedimas.csproj", "{942087B1-B62B-447D-840A-B7B09ED9C952}"
EndProject
Project("{FAE04EC0-301F-11D3-BF4B-00C04F79EFBC}") = "2-1", "2-1\2-1.csproj", "{D6A52059-E89E-498D-A15E-3B554D9700E6}"
EndProject
Project("{FAE04EC0-301F-11D3-BF4B-00C04F79EFBC}") = "2-2", "2-2\2-2.csproj", "{6F9340A8-8429-40E6-AB6F-486532030016}"
EndProject
Project("{2150E333-8FDC-42A3-9474-1A3956D46DE8}") = "03 ivedimas", "03 ivedimas", "{4FEB0FB6-BD6E-4BF1-AE2A-8F53E1C9BFF0}"
EndProject
Project("{FAE04EC0-301F-11D3-BF4B-00C04F79EFBC}") = "3-1", "3-1\3-1.csproj", "{E0AD7BC9-CA4B-4EAF-B510-E7FED7D6D7B4}"
EndProject
Project("{FAE04EC0-301F-11D3-BF4B-00C04F79EFBC}") = "3-2", "3-2\3-2.csproj", "{8170107C-ACC5-45AA-B2A8-DF0FEC33CFC6}"
EndProject
Project("{2150E333-8FDC-42A3-9474-1A3956D46DE8}") = "04 aritmetiniai veiksmai", "04 aritmetiniai veiksmai", "{F409A05F-CB9F-474E-ABB7-7589538193E3}"
EndProject
Project("{FAE04EC0-301F-11D3-BF4B-00C04F79EFBC}") = "4-1", "4-1\4-1.csproj", "{ED06F6EE-0FD9-4F6B-950A-BA9E7577D8E6}"
EndProject
Project("{2150E333-8FDC-42A3-9474-1A3956D46DE8}") = "Uzduotys is lapo", "Uzduotys is lapo", "{6F759F31-C56D-4B73-B8A7-2959343545C3}"
EndProject
Project("{FAE04EC0-301F-11D3-BF4B-00C04F79EFBC}") = "001", "001\001.csproj", "{E103CB81-A30E-411A-BC49-1900CDB7441C}"
EndProject
Project("{FAE04EC0-301F-11D3-BF4B-00C04F79EFBC}") = "002", "002\002.csproj", "{55F8AC42-6D48-4C2C-92F1-986737835E43}"
EndProject
Project("{FAE04EC0-301F-11D3-BF4B-00C04F79EFBC}") = "4-2", "4-2\4-2.csproj", "{BAF733B7-7932-4F26-8C5C-6674B02E1194}"
EndProject
Project("{FAE04EC0-301F-11D3-BF4B-00C04F79EFBC}") = "003", "003\003.csproj", "{61BE5CCF-BF91-4022-BB4F-D7127F210A7E}"
EndProject
Project("{FAE04EC0-301F-11D3-BF4B-00C04F79EFBC}") = "004", "004\004.csproj", "{80F74A86-FAF7-4BFA-BCAC-B7760877BE2B}"
EndProject
Project("{FAE04EC0-301F-11D3-BF4B-00C04F79EFBC}") = "005", "005\005.csproj", "{EDF1C988-9670-44A9-B104-CFAB81B85F3A}"
EndProject
Project("{FAE04EC0-301F-11D3-BF4B-00C04F79EFBC}") = "006", "006\006.csproj", "{388CD141-6C08-4FD3-97CA-87E275A982B1}"
EndProject
Project("{FAE04EC0-301F-11D3-BF4B-00C04F79EFBC}") = "054", "054\054.csproj", "{0192B7AA-8DA9-4B1E-88B1-D9A59290118D}"
EndProject
Project("{FAE04EC0-301F-11D3-BF4B-00C04F79EFBC}") = "055", "055\055.csproj", "{9C66D57D-AB3F-4866-8748-26B0564275C0}"
EndProject
Project("{2150E333-8FDC-42A3-9474-1A3956D46DE8}") = "05 if", "05 if", "{3CB6D032-D0AB-47DB-A885-CAA425A425C2}"
EndProject
Project("{FAE04EC0-301F-11D3-BF4B-00C04F79EFBC}") = "5-1", "5-1\5-1.csproj", "{82A18377-1919-44B9-83F5-9383249F2A95}"
EndProject
Project("{FAE04EC0-301F-11D3-BF4B-00C04F79EFBC}") = "5-2", "5-2\5-2.csproj", "{A6280E03-58C4-4000-BF88-D59B65A2608B}"
EndProject
Project("{2150E333-8FDC-42A3-9474-1A3956D46DE8}") = "06 else if", "06 else if", "{43AA2B95-569B-4E7D-A167-8161A3D928A5}"
EndProject
Project("{FAE04EC0-301F-11D3-BF4B-00C04F79EFBC}") = "6-1", "6-1\6-1.csproj", "{636365A7-37DF-4479-9512-14070F43CD18}"
EndProject
Project("{2150E333-8FDC-42A3-9474-1A3956D46DE8}") = "07 else", "07 else", "{2486B7BA-3A64-47DB-90D3-D1B8FEF40907}"
EndProject
Project("{FAE04EC0-301F-11D3-BF4B-00C04F79EFBC}") = "7-1", "7-1\7-1.csproj", "{561A9DD8-E7F3-4AD7-BDD3-8CF539F2EC3C}"
EndProject
Project("{FAE04EC0-301F-11D3-BF4B-00C04F79EFBC}") = "012", "012\012.csproj", "{160D88AD-0091-4104-B113-18DF1FA2B242}"
EndProject
Project("{FAE04EC0-301F-11D3-BF4B-00C04F79EFBC}") = "023", "023\023.csproj", "{2F6B030D-6949-484D-9179-9F1D15DC583F}"
EndProject
Project("{FAE04EC0-301F-11D3-BF4B-00C04F79EFBC}") = "Skaiciuotuvas", "Skaiciuotuvas\Skaiciuotuvas.csproj", "{9D64B851-D77B-46E3-937E-1A02EC46030C}"
EndProject
Project("{FAE04EC0-301F-11D3-BF4B-00C04F79EFBC}") = "Ar susidaro trikampis", "Ar susidaro trikampis\Ar susidaro trikampis.csproj", "{8CA16C3D-59AB-4883-BEFE-0C90A3F72456}"
EndProject
Project("{FAE04EC0-301F-11D3-BF4B-00C04F79EFBC}") = "defektuotas kamuolys", "defektuotas kamuolys\defektuotas kamuolys.csproj", "{15B56D8F-370A-4AB6-A3FB-81254E8E2E87}"
EndProject
Project("{FAE04EC0-301F-11D3-BF4B-00C04F79EFBC}") = "007", "007\007.csproj", "{937C392D-D39F-4477-BA5F-FA4FFFDA16BF}"
EndProject
Project("{FAE04EC0-301F-11D3-BF4B-00C04F79EFBC}") = "7-2", "7-2\7-2.csproj", "{0F9A12A9-8390-42AE-A764-57805AD42CF6}"
EndProject
Project("{FAE04EC0-301F-11D3-BF4B-00C04F79EFBC}") = "7-3", "7-3\7-3.csproj", "{75645011-4836-479C-B9F3-7F8E970490F2}"
EndProject
Project("{FAE04EC0-301F-11D3-BF4B-00C04F79EFBC}") = "027", "027\027.csproj", "{389DA344-6815-45F2-A696-7780622F4A0F}"
EndProject
Project("{FAE04EC0-301F-11D3-BF4B-00C04F79EFBC}") = "073", "073\073.csproj", "{1B0D2D91-399D-4C6E-908F-FE33A83EB89F}"
EndProject
Project("{2150E333-8FDC-42A3-9474-1A3956D46DE8}") = "08 switch", "08 switch", "{FA598876-77B5-44F3-901F-09D01C7CF842}"
EndProject
Project("{FAE04EC0-301F-11D3-BF4B-00C04F79EFBC}") = "8-1", "8-1\8-1.csproj", "{DD135772-2522-4EE2-9872-8F36B4B91083}"
EndProject
Project("{FAE04EC0-301F-11D3-BF4B-00C04F79EFBC}") = "8-2", "8-2\8-2.csproj", "{76B9496B-5AC3-4AD2-B88C-89B0403EB656}"
EndProject
Project("{FAE04EC0-301F-11D3-BF4B-00C04F79EFBC}") = "Kepykla", "Kepykla\Kepykla.csproj", "{539F7978-B308-48BB-9BA0-1E93043DFFE3}"
EndProject
Project("{FAE04EC0-301F-11D3-BF4B-00C04F79EFBC}") = "067", "067\067.csproj", "{3A10F315-133B-488C-9239-2896E4C45383}"
EndProject
Project("{FAE04EC0-301F-11D3-BF4B-00C04F79EFBC}") = "028", "028\028.csproj", "{8B47142F-59DC-41DF-9CE4-04D32F3B0718}"
EndProject
Project("{2150E333-8FDC-42A3-9474-1A3956D46DE8}") = "09 for", "09 for", "{3C190F4D-E054-40D5-A3F8-B94B8FB93622}"
EndProject
Project("{FAE04EC0-301F-11D3-BF4B-00C04F79EFBC}") = "9-1", "9-1\9-1.csproj", "{4EED69E5-B128-415E-BF26-AA95AC71D5CA}"
EndProject
Project("{FAE04EC0-301F-11D3-BF4B-00C04F79EFBC}") = "9-3", "9-3\9-3.csproj", "{F4C2490F-772D-4CFA-8376-B44E8FF20FE4}"
EndProject
Project("{FAE04EC0-301F-11D3-BF4B-00C04F79EFBC}") = "9-4", "9-4\9-4.csproj", "{4D23FFB2-DBCD-40FE-81E1-CC1ADE7EF16A}"
EndProject
Project("{FAE04EC0-301F-11D3-BF4B-00C04F79EFBC}") = "9-5 fibonaciaus seka", "9-5 fibonaciaus seka\9-5 fibonaciaus seka.csproj", "{6B7E1B27-E29A-49D6-8891-9D9A28E3C32C}"
EndProject
Project("{FAE04EC0-301F-11D3-BF4B-00C04F79EFBC}") = "008", "008\008.csproj", "{6E29FB00-CC81-41E4-9FAA-9E42D3A9A0FA}"
EndProject
Project("{FAE04EC0-301F-11D3-BF4B-00C04F79EFBC}") = "009", "009\009.csproj", "{03880993-9C73-4DF3-8074-6A5B060430BB}"
EndProject
Project("{FAE04EC0-301F-11D3-BF4B-00C04F79EFBC}") = "032", "032\032.csproj", "{A5F84E79-C528-48EA-AFA3-CCAA296278FF}"
EndProject
Project("{FAE04EC0-301F-11D3-BF4B-00C04F79EFBC}") = "034", "034\034.csproj", "{3F363A0E-4458-4F2E-8207-230CCC3C060C}"
EndProject
Project("{FAE04EC0-301F-11D3-BF4B-00C04F79EFBC}") = "068", "068\068.csproj", "{A6E33B4C-0314-4D1D-B1CD-74E86EE17E89}"
EndProject
Project("{FAE04EC0-301F-11D3-BF4B-00C04F79EFBC}") = "061", "061\061.csproj", "{F6716B04-97BA-48A2-886B-9D51B7B22CAD}"
EndProject
Project("{FAE04EC0-301F-11D3-BF4B-00C04F79EFBC}") = "060", "060\060.csproj", "{C42587CA-FCBE-4A13-A238-A422808C108D}"
EndProject
Project("{2150E333-8FDC-42A3-9474-1A3956D46DE8}") = "10 while", "10 while", "{EF16F41B-5830-4F5B-8F6C-BB9236E48F69}"
EndProject
Project("{FAE04EC0-301F-11D3-BF4B-00C04F79EFBC}") = "10-1", "10-1\10-1.csproj", "{B6CED7F8-4984-471F-BA35-9034BDB8F5A2}"
EndProject
Project("{FAE04EC0-301F-11D3-BF4B-00C04F79EFBC}") = "10-2", "10-2\10-2.csproj", "{96B92A58-65D3-4A74-91B4-1F9A24C8D031}"
EndProject
Project("{FAE04EC0-301F-11D3-BF4B-00C04F79EFBC}") = "038", "038\038.csproj", "{52B0C6AF-4811-43FE-B47F-3D2A464F5995}"
EndProject
Project("{FAE04EC0-301F-11D3-BF4B-00C04F79EFBC}") = "040", "040\040.csproj", "{322EED6D-5634-4FFB-8FDD-3D3CC8D417E6}"
EndProject
Project("{FAE04EC0-301F-11D3-BF4B-00C04F79EFBC}") = "2-3", "2-3\2-3.csproj", "{058EEECD-214E-4778-89CE-DD071B5F5E30}"
EndProject
Project("{FAE04EC0-301F-11D3-BF4B-00C04F79EFBC}") = "2-4", "2-4\2-4.csproj", "{4A93C2FD-9BA9-4DA9-9FF9-50D5BF14375F}"
EndProject
Project("{FAE04EC0-301F-11D3-BF4B-00C04F79EFBC}") = "2-5", "2-5\2-5.csproj", "{93BC93B5-5BC0-4239-926A-4048805FE883}"
EndProject
Project("{FAE04EC0-301F-11D3-BF4B-00C04F79EFBC}") = "2-6", "2-6\2-6.csproj", "{2FECDC08-1E8C-4747-B322-D9DEF0E2C4C4}"
EndProject
Project("{FAE04EC0-301F-11D3-BF4B-00C04F79EFBC}") = "2-7", "2-7\2-7.csproj", "{8A99230B-03BD-4C44-9789-635357669440}"
EndProject
Project("{FAE04EC0-301F-11D3-BF4B-00C04F79EFBC}") = "2-8", "2-8\2-8.csproj", "{8745815D-B583-4D46-8F92-230005FADC6B}"
EndProject
Project("{FAE04EC0-301F-11D3-BF4B-00C04F79EFBC}") = "4-3", "4-3\4-3.csproj", "{41821BFE-45C6-4AEF-A915-4D6A88F943C2}"
EndProject
Project("{FAE04EC0-301F-11D3-BF4B-00C04F79EFBC}") = "4-4", "4-4\4-4.csproj", "{4D0FD72B-1B68-4BE5-9656-69703C675FAD}"
EndProject
Project("{FAE04EC0-301F-11D3-BF4B-00C04F79EFBC}") = "4-5", "4-5\4-5.csproj", "{0B682818-867F-4FF7-A05E-7477FEFF945F}"
EndProject
Project("{FAE04EC0-301F-11D3-BF4B-00C04F79EFBC}") = "4-6", "4-6\4-6.csproj", "{70DECA5A-243D-49D3-9CB3-3F91A3B3DB35}"
EndProject
Project("{FAE04EC0-301F-11D3-BF4B-00C04F79EFBC}") = "4-8", "4-8\4-8.csproj", "{B3CCB4D1-6E5E-4374-87AF-1B58053B5721}"
EndProject
Project("{FAE04EC0-301F-11D3-BF4B-00C04F79EFBC}") = "4-7", "4-7\4-7.csproj", "{8374F9E0-4418-4DC4-B79D-4325E4E0ED8E}"
EndProject
Project("{FAE04EC0-301F-11D3-BF4B-00C04F79EFBC}") = "3-3", "3-3\3-3.csproj", "{65B09032-602D-4348-8B5D-13C3C5CCA23E}"
EndProject
Project("{FAE04EC0-301F-11D3-BF4B-00C04F79EFBC}") = "3-4", "3-4\3-4.csproj", "{ED3FD565-7477-48CB-BE17-C9ED9F14B51C}"
EndProject
Project("{FAE04EC0-301F-11D3-BF4B-00C04F79EFBC}") = "3-5", "3-5\3-5.csproj", "{3E87902D-9CE6-45AE-8DC3-7DCC824546A9}"
EndProject
Project("{FAE04EC0-301F-11D3-BF4B-00C04F79EFBC}") = "3-6", "3-6\3-6.csproj", "{61A48924-CD03-4811-99DD-91D18567153D}"
EndProject
Project("{FAE04EC0-301F-11D3-BF4B-00C04F79EFBC}") = "3-7", "3-7\3-7.csproj", "{A4B08E51-4378-49E7-A9B6-317FF92E0503}"
EndProject
Project("{FAE04EC0-301F-11D3-BF4B-00C04F79EFBC}") = "3-8", "3-8\3-8.csproj", "{B3513D65-1970-4BE1-825F-2618C68A6BF2}"
EndProject
Project("{FAE04EC0-301F-11D3-BF4B-00C04F79EFBC}") = "3-9", "3-9\3-9.csproj", "{D9F5B185-5C89-435F-BA94-D035A2965225}"
EndProject
Project("{FAE04EC0-301F-11D3-BF4B-00C04F79EFBC}") = "5-3", "5-3\5-3.csproj", "{ACA11C76-1F13-4F68-B063-B99B7DDF2453}"
EndProject
Project("{FAE04EC0-301F-11D3-BF4B-00C04F79EFBC}") = "5-4", "5-4\5-4.csproj", "{8DFF5ABA-2666-449A-921C-816814956241}"
EndProject
Project("{FAE04EC0-301F-11D3-BF4B-00C04F79EFBC}") = "5-5", "5-5\5-5.csproj", "{65D354D2-1834-413A-B8AA-958C1F15E56C}"
EndProject
Project("{FAE04EC0-301F-11D3-BF4B-00C04F79EFBC}") = "5-6", "5-6\5-6.csproj", "{301F6513-639D-4C93-8169-8938DBA14EEF}"
EndProject
Project("{FAE04EC0-301F-11D3-BF4B-00C04F79EFBC}") = "6-2", "6-2\6-2.csproj", "{FB59D0F0-0CA2-4EDE-AA1F-F739A9D1E0B0}"
EndProject
Project("{FAE04EC0-301F-11D3-BF4B-00C04F79EFBC}") = "6-3", "6-3\6-3.csproj", "{83C5FDFF-20B2-402B-AFD2-AF05DC0C9631}"
EndProject
Project("{FAE04EC0-301F-11D3-BF4B-00C04F79EFBC}") = "6-4", "6-4\6-4.csproj", "{58112004-5BC0-4656-8618-ADD1AF0373B2}"
EndProject
Project("{FAE04EC0-301F-11D3-BF4B-00C04F79EFBC}") = "6-5", "6-5\6-5.csproj", "{76B4EAB2-B143-406E-B338-B4DC43AC11B4}"
EndProject
Project("{FAE04EC0-301F-11D3-BF4B-00C04F79EFBC}") = "9-6", "9-6\9-6.csproj", "{A696D036-1D2E-4ADE-B4D1-CC3298232F72}"
EndProject
Project("{FAE04EC0-301F-11D3-BF4B-00C04F79EFBC}") = "9-7", "9-7\9-7.csproj", "{17EBB487-76F5-4B11-942A-EEE56A94A9B6}"
EndProject
Project("{FAE04EC0-301F-11D3-BF4B-00C04F79EFBC}") = "9-8", "9-8\9-8.csproj", "{29775E2A-DF21-4BEA-8020-4400C4700F1C}"
EndProject
Project("{FAE04EC0-301F-11D3-BF4B-00C04F79EFBC}") = "9-9", "9-9\9-9.csproj", "{51C290E6-D675-407B-BC58-8A3B53BEEBF0}"
EndProject
Project("{FAE04EC0-301F-11D3-BF4B-00C04F79EFBC}") = "9-10", "9-10\9-10.csproj", "{F363E293-5A42-4FDA-A0A1-AD5F67985D61}"
EndProject
Project("{FAE04EC0-301F-11D3-BF4B-00C04F79EFBC}") = "9-11", "9-11\9-11.csproj", "{EE62D799-C98B-42C5-82C3-9D58B97492A3}"
EndProject
Project("{FAE04EC0-301F-11D3-BF4B-00C04F79EFBC}") = "9-12", "9-12\9-12.csproj", "{AEB07814-1A11-4170-B915-BB1CFFEA6605}"
EndProject
Project("{FAE04EC0-301F-11D3-BF4B-00C04F79EFBC}") = "9-13", "9-13\9-13.csproj", "{A8AE3EBC-DB4B-49CD-9A6E-3146E08F4BBD}"
EndProject
Project("{FAE04EC0-301F-11D3-BF4B-00C04F79EFBC}") = "9-14", "9-14\9-14.csproj", "{2F9AEAC6-D65D-4539-A1A9-29CB887130F3}"
EndProject
Project("{FAE04EC0-301F-11D3-BF4B-00C04F79EFBC}") = "9-15", "9-15\9-15.csproj", "{F7539F21-C45A-44AE-942C-8E470B464F32}"
EndProject
Project("{FAE04EC0-301F-11D3-BF4B-00C04F79EFBC}") = "Fizz buzz test", "Fizz buzz test\Fizz buzz test.csproj", "{91EBD0ED-6F89-4474-B155-5A4B4B456149}"
EndProject
Project("{FAE04EC0-301F-11D3-BF4B-00C04F79EFBC}") = "10-3", "10-3\10-3.csproj", "{0BEB4416-DA48-420A-A872-7EA17EF075B7}"
EndProject
Project("{FAE04EC0-301F-11D3-BF4B-00C04F79EFBC}") = "10-4", "10-4\10-4.csproj", "{D912F095-D2EC-4AAE-B5B8-7DF40B146985}"
EndProject
Project("{FAE04EC0-301F-11D3-BF4B-00C04F79EFBC}") = "10-5", "10-5\10-5.csproj", "{E9319E06-214A-4EA1-BA57-C7525B5594E5}"
EndProject
Project("{FAE04EC0-301F-11D3-BF4B-00C04F79EFBC}") = "10-6", "10-6\10-6.csproj", "{C54D6E4F-CFE4-4C5D-ABFF-2C76D9F06ED5}"
EndProject
Project("{FAE04EC0-301F-11D3-BF4B-00C04F79EFBC}") = "10-7", "10-7\10-7.csproj", "{63A89F4D-2E5C-4E96-8514-7D4C19F7F874}"
EndProject
Project("{FAE04EC0-301F-11D3-BF4B-00C04F79EFBC}") = "10-8", "10-8\10-8.csproj", "{A9E0BAFE-D45E-4DE3-9F62-0B4B7C3B140E}"
EndProject
Project("{2150E333-8FDC-42A3-9474-1A3956D46DE8}") = "Testas", "Testas", "{51A23EBC-F740-475D-83D5-4EAE45BE4DDA}"
EndProject
Project("{FAE04EC0-301F-11D3-BF4B-00C04F79EFBC}") = "2", "2\2.csproj", "{49115E6D-7728-4DAA-9DB0-96E1484B65EC}"
EndProject
Project("{FAE04EC0-301F-11D3-BF4B-00C04F79EFBC}") = "3", "3\3.csproj", "{C9CCFEFC-5FEF-4E23-8D7D-AF41A42C31B5}"
EndProject
Project("{2150E333-8FDC-42A3-9474-1A3956D46DE8}") = "11 do while", "11 do while", "{C22E8183-88B6-4786-90DD-0C2463D4A7B9}"
EndProject
Project("{FAE04EC0-301F-11D3-BF4B-00C04F79EFBC}") = "11-1", "11-1\11-1.csproj", "{DF923B8C-51B3-4AA8-87F3-E67F84B4D541}"
EndProject
Project("{FAE04EC0-301F-11D3-BF4B-00C04F79EFBC}") = "035", "035\035.csproj", "{BC339711-81C8-4DB7-835C-EB75CC4A0BC3}"
EndProject
Project("{FAE04EC0-301F-11D3-BF4B-00C04F79EFBC}") = "036", "036\036.csproj", "{045F77BC-D4D6-4A79-9230-5067F23AD344}"
EndProject
Project("{2150E333-8FDC-42A3-9474-1A3956D46DE8}") = "12 Metodai", "12 Metodai", "{7999B490-9439-4FA0-84AB-75D219B5F5DC}"
EndProject
Project("{FAE04EC0-301F-11D3-BF4B-00C04F79EFBC}") = "12-1", "12-1\12-1.csproj", "{BBFD884B-78F3-4AE3-AEA6-31AC9A397474}"
EndProject
Project("{FAE04EC0-301F-11D3-BF4B-00C04F79EFBC}") = "12-2", "12-2\12-2.csproj", "{F155C715-A82F-42F5-8A5E-5350A86710F6}"
EndProject
Project("{FAE04EC0-301F-11D3-BF4B-00C04F79EFBC}") = "12-3", "12-3\12-3.csproj", "{7E5FBD12-6207-4E3F-9DE8-7EEA9B4BF08F}"
EndProject
Project("{FAE04EC0-301F-11D3-BF4B-00C04F79EFBC}") = "12-4", "12-4\12-4.csproj", "{785C7052-5641-407F-945E-B892C3675C3F}"
EndProject
Project("{FAE04EC0-301F-11D3-BF4B-00C04F79EFBC}") = "12-5 Ana ziaurus", "12-5 Ana ziaurus\12-5 Ana ziaurus.csproj", "{7B2F9E32-7517-44EB-BF9B-5579233B44A5}"
EndProject
Project("{2150E333-8FDC-42A3-9474-1A3956D46DE8}") = "13 masyvai", "13 masyvai", "{2D623D35-4861-47CA-97E5-BD2B757359FD}"
EndProject
Project("{FAE04EC0-301F-11D3-BF4B-00C04F79EFBC}") = "13-1", "13-1\13-1.csproj", "{9F188075-29F0-430B-955D-BEF6496122A9}"
EndProject
Project("{FAE04EC0-301F-11D3-BF4B-00C04F79EFBC}") = "13-2", "13-2\13-2.csproj", "{48EA44B5-5B42-421C-8039-30976424AD11}"
EndProject
Project("{FAE04EC0-301F-11D3-BF4B-00C04F79EFBC}") = "13-3 cuntry leader", "13-3 cuntry leader\13-3 cuntry leader.csproj", "{61EDB122-89ED-414C-B574-B20CB38971EC}"
EndProject
Project("{FAE04EC0-301F-11D3-BF4B-00C04F79EFBC}") = "13-4", "13-4\13-4.csproj", "{8B631F50-9E46-4EAD-A01B-76BBBA0F7ECD}"
EndProject
Project("{FAE04EC0-301F-11D3-BF4B-00C04F79EFBC}") = "13-5", "13-5\13-5.csproj", "{71119D2A-3FAC-4662-A41C-B3FF66D8ABB5}"
EndProject
Project("{FAE04EC0-301F-11D3-BF4B-00C04F79EFBC}") = "13-6", "13-6\13-6.csproj", "{E0A2469B-E4A1-4D8E-A41E-6C917F3074B5}"
EndProject
Project("{FAE04EC0-301F-11D3-BF4B-00C04F79EFBC}") = "075", "075\075.csproj", "{15E1D70F-3617-4352-AB26-454A112320FB}"
EndProject
Project("{FAE04EC0-301F-11D3-BF4B-00C04F79EFBC}") = "13-7", "13-7\13-7.csproj", "{53CCE29C-CDDD-434D-9DC7-5FDFA29D211F}"
EndProject
Project("{FAE04EC0-301F-11D3-BF4B-00C04F79EFBC}") = "13-8 temperaturos senas", "13-8 temperaturos senas\13-8 temperaturos senas.csproj", "{890EF9E6-9E7E-414D-A052-4521E5B0D2AE}"
EndProject
Project("{FAE04EC0-301F-11D3-BF4B-00C04F79EFBC}") = "13-9", "13-9\13-9.csproj", "{C57273D4-EE26-43EB-A590-0DA7A6CEBBD0}"
EndProject
Project("{2150E333-8FDC-42A3-9474-1A3956D46DE8}") = "14 sarasas", "14 sarasas", "{E82BBE3F-74CC-4158-A3B9-7CCD192AE4C8}"
EndProject
Project("{FAE04EC0-301F-11D3-BF4B-00C04F79EFBC}") = "14-1", "14-1\14-1.csproj", "{645D842F-3F31-4948-82BC-D9BBB0576516}"
EndProject
Project("{FAE04EC0-301F-11D3-BF4B-00C04F79EFBC}") = "14-2", "14-2\14-2.csproj", "{5E2316D7-0239-4C99-8255-BEC19851741A}"
EndProject
Project("{FAE04EC0-301F-11D3-BF4B-00C04F79EFBC}") = "14-3", "14-3\14-3.csproj", "{8263368E-463F-4FB9-9FD4-D0E6F2F72D67}"
EndProject
Project("{2150E333-8FDC-42A3-9474-1A3956D46DE8}") = "15 klases", "15 klases", "{4BA70AF5-4987-4107-8350-7CDA551863D3}"
EndProject
Project("{FAE04EC0-301F-11D3-BF4B-00C04F79EFBC}") = "15-1-1", "15-1-1\15-1-1.csproj", "{0C2DB8C4-879B-41E0-B6BE-E0BD13E5A994}"
EndProject
Project("{2150E333-8FDC-42A3-9474-1A3956D46DE8}") = "Darbo uzdavinys", "Darbo uzdavinys", "{6AEF75BF-978D-4FA9-AEF8-7C8983A34217}"
EndProject
Project("{FAE04EC0-301F-11D3-BF4B-00C04F79EFBC}") = "Darbo uzdavinys", "Darbo uzdavinys\Darbo uzdavinys.csproj", "{D3EB5C92-2FA6-466D-A09D-D2567C2FBF9B}"
EndProject
Project("{FAE04EC0-301F-11D3-BF4B-00C04F79EFBC}") = "15-2 vartotojas", "15-2 vartotojas\15-2 vartotojas.csproj", "{9ABB7AA5-BFB9-4975-80C7-69B4AEFEF795}"
EndProject
Project("{2150E333-8FDC-42A3-9474-1A3956D46DE8}") = "16 interface", "16 interface", "{73E5F7D6-A6B5-4ECE-B20A-B1578C972255}"
EndProject
Project("{FAE04EC0-301F-11D3-BF4B-00C04F79EFBC}") = "Interface", "Interface\Interface.csproj", "{13F8477B-8F3F-43AF-845A-86061EB3C784}"
EndProject
Project("{2150E333-8FDC-42A3-9474-1A3956D46DE8}") = "Kortu uzdavinys", "Kortu uzdavinys", "{9233728D-FB93-4BD0-846E-9AA2E1C3B2BE}"
EndProject
Project("{FAE04EC0-301F-11D3-BF4B-00C04F79EFBC}") = "Kortu kalade", "Kortu kalade\Kortu kalade.csproj", "{5CEAC432-FC6F-44D4-9CD6-20641292FA6B}"
EndProject
Project("{FAE04EC0-301F-11D3-BF4B-00C04F79EFBC}") = "Teleloto1", "Teleloto1\Teleloto1.csproj", "{1F655677-3BF6-4240-B52B-FCFB8C4D23C2}"
EndProject
Project("{2150E333-8FDC-42A3-9474-1A3956D46DE8}") = "Baigiamasis testas", "Baigiamasis testas", "{846926E5-5ADE-4722-B78E-6DEB90E76838}"
EndProject
Project("{FAE04EC0-301F-11D3-BF4B-00C04F79EFBC}") = "3 uzduotis", "3 uzduotis\3 uzduotis.csproj", "{51E3602C-8D21-4F9A-95D5-27DBCD0AE5B5}"
EndProject
Project("{FAE04EC0-301F-11D3-BF4B-00C04F79EFBC}") = "1 uzduotis", "1 uzduotis\1 uzduotis.csproj", "{9DF57131-2236-4A67-8154-592120FA7B03}"
EndProject
Project("{FAE04EC0-301F-11D3-BF4B-00C04F79EFBC}") = "4 uzduotis", "4 uzduotis\4 uzduotis.csproj", "{082D320A-7AAA-40CC-91D2-A092E478B75B}"
EndProject
Project("{FAE04EC0-301F-11D3-BF4B-00C04F79EFBC}") = "2 uzduotis", "2 uzduotis\2 uzduotis.csproj", "{D56D54A8-C56F-43C7-8257-60A659AB7294}"
EndProject
Global
	GlobalSection(SolutionConfigurationPlatforms) = preSolution
		Debug|Any CPU = Debug|Any CPU
		Release|Any CPU = Release|Any CPU
	EndGlobalSection
	GlobalSection(ProjectConfigurationPlatforms) = postSolution
		{942087B1-B62B-447D-840A-B7B09ED9C952}.Debug|Any CPU.ActiveCfg = Debug|Any CPU
		{942087B1-B62B-447D-840A-B7B09ED9C952}.Debug|Any CPU.Build.0 = Debug|Any CPU
		{942087B1-B62B-447D-840A-B7B09ED9C952}.Release|Any CPU.ActiveCfg = Release|Any CPU
		{942087B1-B62B-447D-840A-B7B09ED9C952}.Release|Any CPU.Build.0 = Release|Any CPU
		{D6A52059-E89E-498D-A15E-3B554D9700E6}.Debug|Any CPU.ActiveCfg = Debug|Any CPU
		{D6A52059-E89E-498D-A15E-3B554D9700E6}.Debug|Any CPU.Build.0 = Debug|Any CPU
		{D6A52059-E89E-498D-A15E-3B554D9700E6}.Release|Any CPU.ActiveCfg = Release|Any CPU
		{D6A52059-E89E-498D-A15E-3B554D9700E6}.Release|Any CPU.Build.0 = Release|Any CPU
		{6F9340A8-8429-40E6-AB6F-486532030016}.Debug|Any CPU.ActiveCfg = Debug|Any CPU
		{6F9340A8-8429-40E6-AB6F-486532030016}.Debug|Any CPU.Build.0 = Debug|Any CPU
		{6F9340A8-8429-40E6-AB6F-486532030016}.Release|Any CPU.ActiveCfg = Release|Any CPU
		{6F9340A8-8429-40E6-AB6F-486532030016}.Release|Any CPU.Build.0 = Release|Any CPU
		{E0AD7BC9-CA4B-4EAF-B510-E7FED7D6D7B4}.Debug|Any CPU.ActiveCfg = Debug|Any CPU
		{E0AD7BC9-CA4B-4EAF-B510-E7FED7D6D7B4}.Debug|Any CPU.Build.0 = Debug|Any CPU
		{E0AD7BC9-CA4B-4EAF-B510-E7FED7D6D7B4}.Release|Any CPU.ActiveCfg = Release|Any CPU
		{E0AD7BC9-CA4B-4EAF-B510-E7FED7D6D7B4}.Release|Any CPU.Build.0 = Release|Any CPU
		{8170107C-ACC5-45AA-B2A8-DF0FEC33CFC6}.Debug|Any CPU.ActiveCfg = Debug|Any CPU
		{8170107C-ACC5-45AA-B2A8-DF0FEC33CFC6}.Debug|Any CPU.Build.0 = Debug|Any CPU
		{8170107C-ACC5-45AA-B2A8-DF0FEC33CFC6}.Release|Any CPU.ActiveCfg = Release|Any CPU
		{8170107C-ACC5-45AA-B2A8-DF0FEC33CFC6}.Release|Any CPU.Build.0 = Release|Any CPU
		{ED06F6EE-0FD9-4F6B-950A-BA9E7577D8E6}.Debug|Any CPU.ActiveCfg = Debug|Any CPU
		{ED06F6EE-0FD9-4F6B-950A-BA9E7577D8E6}.Debug|Any CPU.Build.0 = Debug|Any CPU
		{ED06F6EE-0FD9-4F6B-950A-BA9E7577D8E6}.Release|Any CPU.ActiveCfg = Release|Any CPU
		{ED06F6EE-0FD9-4F6B-950A-BA9E7577D8E6}.Release|Any CPU.Build.0 = Release|Any CPU
		{E103CB81-A30E-411A-BC49-1900CDB7441C}.Debug|Any CPU.ActiveCfg = Debug|Any CPU
		{E103CB81-A30E-411A-BC49-1900CDB7441C}.Debug|Any CPU.Build.0 = Debug|Any CPU
		{E103CB81-A30E-411A-BC49-1900CDB7441C}.Release|Any CPU.ActiveCfg = Release|Any CPU
		{E103CB81-A30E-411A-BC49-1900CDB7441C}.Release|Any CPU.Build.0 = Release|Any CPU
		{55F8AC42-6D48-4C2C-92F1-986737835E43}.Debug|Any CPU.ActiveCfg = Debug|Any CPU
		{55F8AC42-6D48-4C2C-92F1-986737835E43}.Debug|Any CPU.Build.0 = Debug|Any CPU
		{55F8AC42-6D48-4C2C-92F1-986737835E43}.Release|Any CPU.ActiveCfg = Release|Any CPU
		{55F8AC42-6D48-4C2C-92F1-986737835E43}.Release|Any CPU.Build.0 = Release|Any CPU
		{BAF733B7-7932-4F26-8C5C-6674B02E1194}.Debug|Any CPU.ActiveCfg = Debug|Any CPU
		{BAF733B7-7932-4F26-8C5C-6674B02E1194}.Debug|Any CPU.Build.0 = Debug|Any CPU
		{BAF733B7-7932-4F26-8C5C-6674B02E1194}.Release|Any CPU.ActiveCfg = Release|Any CPU
		{BAF733B7-7932-4F26-8C5C-6674B02E1194}.Release|Any CPU.Build.0 = Release|Any CPU
		{61BE5CCF-BF91-4022-BB4F-D7127F210A7E}.Debug|Any CPU.ActiveCfg = Debug|Any CPU
		{61BE5CCF-BF91-4022-BB4F-D7127F210A7E}.Debug|Any CPU.Build.0 = Debug|Any CPU
		{61BE5CCF-BF91-4022-BB4F-D7127F210A7E}.Release|Any CPU.ActiveCfg = Release|Any CPU
		{61BE5CCF-BF91-4022-BB4F-D7127F210A7E}.Release|Any CPU.Build.0 = Release|Any CPU
		{80F74A86-FAF7-4BFA-BCAC-B7760877BE2B}.Debug|Any CPU.ActiveCfg = Debug|Any CPU
		{80F74A86-FAF7-4BFA-BCAC-B7760877BE2B}.Debug|Any CPU.Build.0 = Debug|Any CPU
		{80F74A86-FAF7-4BFA-BCAC-B7760877BE2B}.Release|Any CPU.ActiveCfg = Release|Any CPU
		{80F74A86-FAF7-4BFA-BCAC-B7760877BE2B}.Release|Any CPU.Build.0 = Release|Any CPU
		{EDF1C988-9670-44A9-B104-CFAB81B85F3A}.Debug|Any CPU.ActiveCfg = Debug|Any CPU
		{EDF1C988-9670-44A9-B104-CFAB81B85F3A}.Debug|Any CPU.Build.0 = Debug|Any CPU
		{EDF1C988-9670-44A9-B104-CFAB81B85F3A}.Release|Any CPU.ActiveCfg = Release|Any CPU
		{EDF1C988-9670-44A9-B104-CFAB81B85F3A}.Release|Any CPU.Build.0 = Release|Any CPU
		{388CD141-6C08-4FD3-97CA-87E275A982B1}.Debug|Any CPU.ActiveCfg = Debug|Any CPU
		{388CD141-6C08-4FD3-97CA-87E275A982B1}.Debug|Any CPU.Build.0 = Debug|Any CPU
		{388CD141-6C08-4FD3-97CA-87E275A982B1}.Release|Any CPU.ActiveCfg = Release|Any CPU
		{388CD141-6C08-4FD3-97CA-87E275A982B1}.Release|Any CPU.Build.0 = Release|Any CPU
		{0192B7AA-8DA9-4B1E-88B1-D9A59290118D}.Debug|Any CPU.ActiveCfg = Debug|Any CPU
		{0192B7AA-8DA9-4B1E-88B1-D9A59290118D}.Debug|Any CPU.Build.0 = Debug|Any CPU
		{0192B7AA-8DA9-4B1E-88B1-D9A59290118D}.Release|Any CPU.ActiveCfg = Release|Any CPU
		{0192B7AA-8DA9-4B1E-88B1-D9A59290118D}.Release|Any CPU.Build.0 = Release|Any CPU
		{9C66D57D-AB3F-4866-8748-26B0564275C0}.Debug|Any CPU.ActiveCfg = Debug|Any CPU
		{9C66D57D-AB3F-4866-8748-26B0564275C0}.Debug|Any CPU.Build.0 = Debug|Any CPU
		{9C66D57D-AB3F-4866-8748-26B0564275C0}.Release|Any CPU.ActiveCfg = Release|Any CPU
		{9C66D57D-AB3F-4866-8748-26B0564275C0}.Release|Any CPU.Build.0 = Release|Any CPU
		{82A18377-1919-44B9-83F5-9383249F2A95}.Debug|Any CPU.ActiveCfg = Debug|Any CPU
		{82A18377-1919-44B9-83F5-9383249F2A95}.Debug|Any CPU.Build.0 = Debug|Any CPU
		{82A18377-1919-44B9-83F5-9383249F2A95}.Release|Any CPU.ActiveCfg = Release|Any CPU
		{82A18377-1919-44B9-83F5-9383249F2A95}.Release|Any CPU.Build.0 = Release|Any CPU
		{A6280E03-58C4-4000-BF88-D59B65A2608B}.Debug|Any CPU.ActiveCfg = Debug|Any CPU
		{A6280E03-58C4-4000-BF88-D59B65A2608B}.Debug|Any CPU.Build.0 = Debug|Any CPU
		{A6280E03-58C4-4000-BF88-D59B65A2608B}.Release|Any CPU.ActiveCfg = Release|Any CPU
		{A6280E03-58C4-4000-BF88-D59B65A2608B}.Release|Any CPU.Build.0 = Release|Any CPU
		{636365A7-37DF-4479-9512-14070F43CD18}.Debug|Any CPU.ActiveCfg = Debug|Any CPU
		{636365A7-37DF-4479-9512-14070F43CD18}.Debug|Any CPU.Build.0 = Debug|Any CPU
		{636365A7-37DF-4479-9512-14070F43CD18}.Release|Any CPU.ActiveCfg = Release|Any CPU
		{636365A7-37DF-4479-9512-14070F43CD18}.Release|Any CPU.Build.0 = Release|Any CPU
		{561A9DD8-E7F3-4AD7-BDD3-8CF539F2EC3C}.Debug|Any CPU.ActiveCfg = Debug|Any CPU
		{561A9DD8-E7F3-4AD7-BDD3-8CF539F2EC3C}.Debug|Any CPU.Build.0 = Debug|Any CPU
		{561A9DD8-E7F3-4AD7-BDD3-8CF539F2EC3C}.Release|Any CPU.ActiveCfg = Release|Any CPU
		{561A9DD8-E7F3-4AD7-BDD3-8CF539F2EC3C}.Release|Any CPU.Build.0 = Release|Any CPU
		{160D88AD-0091-4104-B113-18DF1FA2B242}.Debug|Any CPU.ActiveCfg = Debug|Any CPU
		{160D88AD-0091-4104-B113-18DF1FA2B242}.Debug|Any CPU.Build.0 = Debug|Any CPU
		{160D88AD-0091-4104-B113-18DF1FA2B242}.Release|Any CPU.ActiveCfg = Release|Any CPU
		{160D88AD-0091-4104-B113-18DF1FA2B242}.Release|Any CPU.Build.0 = Release|Any CPU
		{2F6B030D-6949-484D-9179-9F1D15DC583F}.Debug|Any CPU.ActiveCfg = Debug|Any CPU
		{2F6B030D-6949-484D-9179-9F1D15DC583F}.Debug|Any CPU.Build.0 = Debug|Any CPU
		{2F6B030D-6949-484D-9179-9F1D15DC583F}.Release|Any CPU.ActiveCfg = Release|Any CPU
		{2F6B030D-6949-484D-9179-9F1D15DC583F}.Release|Any CPU.Build.0 = Release|Any CPU
		{9D64B851-D77B-46E3-937E-1A02EC46030C}.Debug|Any CPU.ActiveCfg = Debug|Any CPU
		{9D64B851-D77B-46E3-937E-1A02EC46030C}.Debug|Any CPU.Build.0 = Debug|Any CPU
		{9D64B851-D77B-46E3-937E-1A02EC46030C}.Release|Any CPU.ActiveCfg = Release|Any CPU
		{9D64B851-D77B-46E3-937E-1A02EC46030C}.Release|Any CPU.Build.0 = Release|Any CPU
		{8CA16C3D-59AB-4883-BEFE-0C90A3F72456}.Debug|Any CPU.ActiveCfg = Debug|Any CPU
		{8CA16C3D-59AB-4883-BEFE-0C90A3F72456}.Debug|Any CPU.Build.0 = Debug|Any CPU
		{8CA16C3D-59AB-4883-BEFE-0C90A3F72456}.Release|Any CPU.ActiveCfg = Release|Any CPU
		{8CA16C3D-59AB-4883-BEFE-0C90A3F72456}.Release|Any CPU.Build.0 = Release|Any CPU
		{15B56D8F-370A-4AB6-A3FB-81254E8E2E87}.Debug|Any CPU.ActiveCfg = Debug|Any CPU
		{15B56D8F-370A-4AB6-A3FB-81254E8E2E87}.Debug|Any CPU.Build.0 = Debug|Any CPU
		{15B56D8F-370A-4AB6-A3FB-81254E8E2E87}.Release|Any CPU.ActiveCfg = Release|Any CPU
		{15B56D8F-370A-4AB6-A3FB-81254E8E2E87}.Release|Any CPU.Build.0 = Release|Any CPU
		{937C392D-D39F-4477-BA5F-FA4FFFDA16BF}.Debug|Any CPU.ActiveCfg = Debug|Any CPU
		{937C392D-D39F-4477-BA5F-FA4FFFDA16BF}.Debug|Any CPU.Build.0 = Debug|Any CPU
		{937C392D-D39F-4477-BA5F-FA4FFFDA16BF}.Release|Any CPU.ActiveCfg = Release|Any CPU
		{937C392D-D39F-4477-BA5F-FA4FFFDA16BF}.Release|Any CPU.Build.0 = Release|Any CPU
		{0F9A12A9-8390-42AE-A764-57805AD42CF6}.Debug|Any CPU.ActiveCfg = Debug|Any CPU
		{0F9A12A9-8390-42AE-A764-57805AD42CF6}.Debug|Any CPU.Build.0 = Debug|Any CPU
		{0F9A12A9-8390-42AE-A764-57805AD42CF6}.Release|Any CPU.ActiveCfg = Release|Any CPU
		{0F9A12A9-8390-42AE-A764-57805AD42CF6}.Release|Any CPU.Build.0 = Release|Any CPU
		{75645011-4836-479C-B9F3-7F8E970490F2}.Debug|Any CPU.ActiveCfg = Debug|Any CPU
		{75645011-4836-479C-B9F3-7F8E970490F2}.Debug|Any CPU.Build.0 = Debug|Any CPU
		{75645011-4836-479C-B9F3-7F8E970490F2}.Release|Any CPU.ActiveCfg = Release|Any CPU
		{75645011-4836-479C-B9F3-7F8E970490F2}.Release|Any CPU.Build.0 = Release|Any CPU
		{389DA344-6815-45F2-A696-7780622F4A0F}.Debug|Any CPU.ActiveCfg = Debug|Any CPU
		{389DA344-6815-45F2-A696-7780622F4A0F}.Debug|Any CPU.Build.0 = Debug|Any CPU
		{389DA344-6815-45F2-A696-7780622F4A0F}.Release|Any CPU.ActiveCfg = Release|Any CPU
		{389DA344-6815-45F2-A696-7780622F4A0F}.Release|Any CPU.Build.0 = Release|Any CPU
		{1B0D2D91-399D-4C6E-908F-FE33A83EB89F}.Debug|Any CPU.ActiveCfg = Debug|Any CPU
		{1B0D2D91-399D-4C6E-908F-FE33A83EB89F}.Debug|Any CPU.Build.0 = Debug|Any CPU
		{1B0D2D91-399D-4C6E-908F-FE33A83EB89F}.Release|Any CPU.ActiveCfg = Release|Any CPU
		{1B0D2D91-399D-4C6E-908F-FE33A83EB89F}.Release|Any CPU.Build.0 = Release|Any CPU
		{DD135772-2522-4EE2-9872-8F36B4B91083}.Debug|Any CPU.ActiveCfg = Debug|Any CPU
		{DD135772-2522-4EE2-9872-8F36B4B91083}.Debug|Any CPU.Build.0 = Debug|Any CPU
		{DD135772-2522-4EE2-9872-8F36B4B91083}.Release|Any CPU.ActiveCfg = Release|Any CPU
		{DD135772-2522-4EE2-9872-8F36B4B91083}.Release|Any CPU.Build.0 = Release|Any CPU
		{76B9496B-5AC3-4AD2-B88C-89B0403EB656}.Debug|Any CPU.ActiveCfg = Debug|Any CPU
		{76B9496B-5AC3-4AD2-B88C-89B0403EB656}.Debug|Any CPU.Build.0 = Debug|Any CPU
		{76B9496B-5AC3-4AD2-B88C-89B0403EB656}.Release|Any CPU.ActiveCfg = Release|Any CPU
		{76B9496B-5AC3-4AD2-B88C-89B0403EB656}.Release|Any CPU.Build.0 = Release|Any CPU
		{539F7978-B308-48BB-9BA0-1E93043DFFE3}.Debug|Any CPU.ActiveCfg = Debug|Any CPU
		{539F7978-B308-48BB-9BA0-1E93043DFFE3}.Debug|Any CPU.Build.0 = Debug|Any CPU
		{539F7978-B308-48BB-9BA0-1E93043DFFE3}.Release|Any CPU.ActiveCfg = Release|Any CPU
		{539F7978-B308-48BB-9BA0-1E93043DFFE3}.Release|Any CPU.Build.0 = Release|Any CPU
		{3A10F315-133B-488C-9239-2896E4C45383}.Debug|Any CPU.ActiveCfg = Debug|Any CPU
		{3A10F315-133B-488C-9239-2896E4C45383}.Debug|Any CPU.Build.0 = Debug|Any CPU
		{3A10F315-133B-488C-9239-2896E4C45383}.Release|Any CPU.ActiveCfg = Release|Any CPU
		{3A10F315-133B-488C-9239-2896E4C45383}.Release|Any CPU.Build.0 = Release|Any CPU
		{8B47142F-59DC-41DF-9CE4-04D32F3B0718}.Debug|Any CPU.ActiveCfg = Debug|Any CPU
		{8B47142F-59DC-41DF-9CE4-04D32F3B0718}.Debug|Any CPU.Build.0 = Debug|Any CPU
		{8B47142F-59DC-41DF-9CE4-04D32F3B0718}.Release|Any CPU.ActiveCfg = Release|Any CPU
		{8B47142F-59DC-41DF-9CE4-04D32F3B0718}.Release|Any CPU.Build.0 = Release|Any CPU
		{4EED69E5-B128-415E-BF26-AA95AC71D5CA}.Debug|Any CPU.ActiveCfg = Debug|Any CPU
		{4EED69E5-B128-415E-BF26-AA95AC71D5CA}.Debug|Any CPU.Build.0 = Debug|Any CPU
		{4EED69E5-B128-415E-BF26-AA95AC71D5CA}.Release|Any CPU.ActiveCfg = Release|Any CPU
		{4EED69E5-B128-415E-BF26-AA95AC71D5CA}.Release|Any CPU.Build.0 = Release|Any CPU
		{F4C2490F-772D-4CFA-8376-B44E8FF20FE4}.Debug|Any CPU.ActiveCfg = Debug|Any CPU
		{F4C2490F-772D-4CFA-8376-B44E8FF20FE4}.Debug|Any CPU.Build.0 = Debug|Any CPU
		{F4C2490F-772D-4CFA-8376-B44E8FF20FE4}.Release|Any CPU.ActiveCfg = Release|Any CPU
		{F4C2490F-772D-4CFA-8376-B44E8FF20FE4}.Release|Any CPU.Build.0 = Release|Any CPU
		{4D23FFB2-DBCD-40FE-81E1-CC1ADE7EF16A}.Debug|Any CPU.ActiveCfg = Debug|Any CPU
		{4D23FFB2-DBCD-40FE-81E1-CC1ADE7EF16A}.Debug|Any CPU.Build.0 = Debug|Any CPU
		{4D23FFB2-DBCD-40FE-81E1-CC1ADE7EF16A}.Release|Any CPU.ActiveCfg = Release|Any CPU
		{4D23FFB2-DBCD-40FE-81E1-CC1ADE7EF16A}.Release|Any CPU.Build.0 = Release|Any CPU
		{6B7E1B27-E29A-49D6-8891-9D9A28E3C32C}.Debug|Any CPU.ActiveCfg = Debug|Any CPU
		{6B7E1B27-E29A-49D6-8891-9D9A28E3C32C}.Debug|Any CPU.Build.0 = Debug|Any CPU
		{6B7E1B27-E29A-49D6-8891-9D9A28E3C32C}.Release|Any CPU.ActiveCfg = Release|Any CPU
		{6B7E1B27-E29A-49D6-8891-9D9A28E3C32C}.Release|Any CPU.Build.0 = Release|Any CPU
		{6E29FB00-CC81-41E4-9FAA-9E42D3A9A0FA}.Debug|Any CPU.ActiveCfg = Debug|Any CPU
		{6E29FB00-CC81-41E4-9FAA-9E42D3A9A0FA}.Debug|Any CPU.Build.0 = Debug|Any CPU
		{6E29FB00-CC81-41E4-9FAA-9E42D3A9A0FA}.Release|Any CPU.ActiveCfg = Release|Any CPU
		{6E29FB00-CC81-41E4-9FAA-9E42D3A9A0FA}.Release|Any CPU.Build.0 = Release|Any CPU
		{03880993-9C73-4DF3-8074-6A5B060430BB}.Debug|Any CPU.ActiveCfg = Debug|Any CPU
		{03880993-9C73-4DF3-8074-6A5B060430BB}.Debug|Any CPU.Build.0 = Debug|Any CPU
		{03880993-9C73-4DF3-8074-6A5B060430BB}.Release|Any CPU.ActiveCfg = Release|Any CPU
		{03880993-9C73-4DF3-8074-6A5B060430BB}.Release|Any CPU.Build.0 = Release|Any CPU
		{A5F84E79-C528-48EA-AFA3-CCAA296278FF}.Debug|Any CPU.ActiveCfg = Debug|Any CPU
		{A5F84E79-C528-48EA-AFA3-CCAA296278FF}.Debug|Any CPU.Build.0 = Debug|Any CPU
		{A5F84E79-C528-48EA-AFA3-CCAA296278FF}.Release|Any CPU.ActiveCfg = Release|Any CPU
		{A5F84E79-C528-48EA-AFA3-CCAA296278FF}.Release|Any CPU.Build.0 = Release|Any CPU
		{3F363A0E-4458-4F2E-8207-230CCC3C060C}.Debug|Any CPU.ActiveCfg = Debug|Any CPU
		{3F363A0E-4458-4F2E-8207-230CCC3C060C}.Debug|Any CPU.Build.0 = Debug|Any CPU
		{3F363A0E-4458-4F2E-8207-230CCC3C060C}.Release|Any CPU.ActiveCfg = Release|Any CPU
		{3F363A0E-4458-4F2E-8207-230CCC3C060C}.Release|Any CPU.Build.0 = Release|Any CPU
		{A6E33B4C-0314-4D1D-B1CD-74E86EE17E89}.Debug|Any CPU.ActiveCfg = Debug|Any CPU
		{A6E33B4C-0314-4D1D-B1CD-74E86EE17E89}.Debug|Any CPU.Build.0 = Debug|Any CPU
		{A6E33B4C-0314-4D1D-B1CD-74E86EE17E89}.Release|Any CPU.ActiveCfg = Release|Any CPU
		{A6E33B4C-0314-4D1D-B1CD-74E86EE17E89}.Release|Any CPU.Build.0 = Release|Any CPU
		{F6716B04-97BA-48A2-886B-9D51B7B22CAD}.Debug|Any CPU.ActiveCfg = Debug|Any CPU
		{F6716B04-97BA-48A2-886B-9D51B7B22CAD}.Debug|Any CPU.Build.0 = Debug|Any CPU
		{F6716B04-97BA-48A2-886B-9D51B7B22CAD}.Release|Any CPU.ActiveCfg = Release|Any CPU
		{F6716B04-97BA-48A2-886B-9D51B7B22CAD}.Release|Any CPU.Build.0 = Release|Any CPU
		{C42587CA-FCBE-4A13-A238-A422808C108D}.Debug|Any CPU.ActiveCfg = Debug|Any CPU
		{C42587CA-FCBE-4A13-A238-A422808C108D}.Debug|Any CPU.Build.0 = Debug|Any CPU
		{C42587CA-FCBE-4A13-A238-A422808C108D}.Release|Any CPU.ActiveCfg = Release|Any CPU
		{C42587CA-FCBE-4A13-A238-A422808C108D}.Release|Any CPU.Build.0 = Release|Any CPU
		{B6CED7F8-4984-471F-BA35-9034BDB8F5A2}.Debug|Any CPU.ActiveCfg = Debug|Any CPU
		{B6CED7F8-4984-471F-BA35-9034BDB8F5A2}.Debug|Any CPU.Build.0 = Debug|Any CPU
		{B6CED7F8-4984-471F-BA35-9034BDB8F5A2}.Release|Any CPU.ActiveCfg = Release|Any CPU
		{B6CED7F8-4984-471F-BA35-9034BDB8F5A2}.Release|Any CPU.Build.0 = Release|Any CPU
		{96B92A58-65D3-4A74-91B4-1F9A24C8D031}.Debug|Any CPU.ActiveCfg = Debug|Any CPU
		{96B92A58-65D3-4A74-91B4-1F9A24C8D031}.Debug|Any CPU.Build.0 = Debug|Any CPU
		{96B92A58-65D3-4A74-91B4-1F9A24C8D031}.Release|Any CPU.ActiveCfg = Release|Any CPU
		{96B92A58-65D3-4A74-91B4-1F9A24C8D031}.Release|Any CPU.Build.0 = Release|Any CPU
		{52B0C6AF-4811-43FE-B47F-3D2A464F5995}.Debug|Any CPU.ActiveCfg = Debug|Any CPU
		{52B0C6AF-4811-43FE-B47F-3D2A464F5995}.Debug|Any CPU.Build.0 = Debug|Any CPU
		{52B0C6AF-4811-43FE-B47F-3D2A464F5995}.Release|Any CPU.ActiveCfg = Release|Any CPU
		{52B0C6AF-4811-43FE-B47F-3D2A464F5995}.Release|Any CPU.Build.0 = Release|Any CPU
		{322EED6D-5634-4FFB-8FDD-3D3CC8D417E6}.Debug|Any CPU.ActiveCfg = Debug|Any CPU
		{322EED6D-5634-4FFB-8FDD-3D3CC8D417E6}.Debug|Any CPU.Build.0 = Debug|Any CPU
		{322EED6D-5634-4FFB-8FDD-3D3CC8D417E6}.Release|Any CPU.ActiveCfg = Release|Any CPU
		{322EED6D-5634-4FFB-8FDD-3D3CC8D417E6}.Release|Any CPU.Build.0 = Release|Any CPU
		{058EEECD-214E-4778-89CE-DD071B5F5E30}.Debug|Any CPU.ActiveCfg = Debug|Any CPU
		{058EEECD-214E-4778-89CE-DD071B5F5E30}.Debug|Any CPU.Build.0 = Debug|Any CPU
		{058EEECD-214E-4778-89CE-DD071B5F5E30}.Release|Any CPU.ActiveCfg = Release|Any CPU
		{058EEECD-214E-4778-89CE-DD071B5F5E30}.Release|Any CPU.Build.0 = Release|Any CPU
		{4A93C2FD-9BA9-4DA9-9FF9-50D5BF14375F}.Debug|Any CPU.ActiveCfg = Debug|Any CPU
		{4A93C2FD-9BA9-4DA9-9FF9-50D5BF14375F}.Debug|Any CPU.Build.0 = Debug|Any CPU
		{4A93C2FD-9BA9-4DA9-9FF9-50D5BF14375F}.Release|Any CPU.ActiveCfg = Release|Any CPU
		{4A93C2FD-9BA9-4DA9-9FF9-50D5BF14375F}.Release|Any CPU.Build.0 = Release|Any CPU
		{93BC93B5-5BC0-4239-926A-4048805FE883}.Debug|Any CPU.ActiveCfg = Debug|Any CPU
		{93BC93B5-5BC0-4239-926A-4048805FE883}.Debug|Any CPU.Build.0 = Debug|Any CPU
		{93BC93B5-5BC0-4239-926A-4048805FE883}.Release|Any CPU.ActiveCfg = Release|Any CPU
		{93BC93B5-5BC0-4239-926A-4048805FE883}.Release|Any CPU.Build.0 = Release|Any CPU
		{2FECDC08-1E8C-4747-B322-D9DEF0E2C4C4}.Debug|Any CPU.ActiveCfg = Debug|Any CPU
		{2FECDC08-1E8C-4747-B322-D9DEF0E2C4C4}.Debug|Any CPU.Build.0 = Debug|Any CPU
		{2FECDC08-1E8C-4747-B322-D9DEF0E2C4C4}.Release|Any CPU.ActiveCfg = Release|Any CPU
		{2FECDC08-1E8C-4747-B322-D9DEF0E2C4C4}.Release|Any CPU.Build.0 = Release|Any CPU
		{8A99230B-03BD-4C44-9789-635357669440}.Debug|Any CPU.ActiveCfg = Debug|Any CPU
		{8A99230B-03BD-4C44-9789-635357669440}.Debug|Any CPU.Build.0 = Debug|Any CPU
		{8A99230B-03BD-4C44-9789-635357669440}.Release|Any CPU.ActiveCfg = Release|Any CPU
		{8A99230B-03BD-4C44-9789-635357669440}.Release|Any CPU.Build.0 = Release|Any CPU
		{8745815D-B583-4D46-8F92-230005FADC6B}.Debug|Any CPU.ActiveCfg = Debug|Any CPU
		{8745815D-B583-4D46-8F92-230005FADC6B}.Debug|Any CPU.Build.0 = Debug|Any CPU
		{8745815D-B583-4D46-8F92-230005FADC6B}.Release|Any CPU.ActiveCfg = Release|Any CPU
		{8745815D-B583-4D46-8F92-230005FADC6B}.Release|Any CPU.Build.0 = Release|Any CPU
		{41821BFE-45C6-4AEF-A915-4D6A88F943C2}.Debug|Any CPU.ActiveCfg = Debug|Any CPU
		{41821BFE-45C6-4AEF-A915-4D6A88F943C2}.Debug|Any CPU.Build.0 = Debug|Any CPU
		{41821BFE-45C6-4AEF-A915-4D6A88F943C2}.Release|Any CPU.ActiveCfg = Release|Any CPU
		{41821BFE-45C6-4AEF-A915-4D6A88F943C2}.Release|Any CPU.Build.0 = Release|Any CPU
		{4D0FD72B-1B68-4BE5-9656-69703C675FAD}.Debug|Any CPU.ActiveCfg = Debug|Any CPU
		{4D0FD72B-1B68-4BE5-9656-69703C675FAD}.Debug|Any CPU.Build.0 = Debug|Any CPU
		{4D0FD72B-1B68-4BE5-9656-69703C675FAD}.Release|Any CPU.ActiveCfg = Release|Any CPU
		{4D0FD72B-1B68-4BE5-9656-69703C675FAD}.Release|Any CPU.Build.0 = Release|Any CPU
		{0B682818-867F-4FF7-A05E-7477FEFF945F}.Debug|Any CPU.ActiveCfg = Debug|Any CPU
		{0B682818-867F-4FF7-A05E-7477FEFF945F}.Debug|Any CPU.Build.0 = Debug|Any CPU
		{0B682818-867F-4FF7-A05E-7477FEFF945F}.Release|Any CPU.ActiveCfg = Release|Any CPU
		{0B682818-867F-4FF7-A05E-7477FEFF945F}.Release|Any CPU.Build.0 = Release|Any CPU
		{70DECA5A-243D-49D3-9CB3-3F91A3B3DB35}.Debug|Any CPU.ActiveCfg = Debug|Any CPU
		{70DECA5A-243D-49D3-9CB3-3F91A3B3DB35}.Debug|Any CPU.Build.0 = Debug|Any CPU
		{70DECA5A-243D-49D3-9CB3-3F91A3B3DB35}.Release|Any CPU.ActiveCfg = Release|Any CPU
		{70DECA5A-243D-49D3-9CB3-3F91A3B3DB35}.Release|Any CPU.Build.0 = Release|Any CPU
		{B3CCB4D1-6E5E-4374-87AF-1B58053B5721}.Debug|Any CPU.ActiveCfg = Debug|Any CPU
		{B3CCB4D1-6E5E-4374-87AF-1B58053B5721}.Debug|Any CPU.Build.0 = Debug|Any CPU
		{B3CCB4D1-6E5E-4374-87AF-1B58053B5721}.Release|Any CPU.ActiveCfg = Release|Any CPU
		{B3CCB4D1-6E5E-4374-87AF-1B58053B5721}.Release|Any CPU.Build.0 = Release|Any CPU
		{8374F9E0-4418-4DC4-B79D-4325E4E0ED8E}.Debug|Any CPU.ActiveCfg = Debug|Any CPU
		{8374F9E0-4418-4DC4-B79D-4325E4E0ED8E}.Debug|Any CPU.Build.0 = Debug|Any CPU
		{8374F9E0-4418-4DC4-B79D-4325E4E0ED8E}.Release|Any CPU.ActiveCfg = Release|Any CPU
		{8374F9E0-4418-4DC4-B79D-4325E4E0ED8E}.Release|Any CPU.Build.0 = Release|Any CPU
		{65B09032-602D-4348-8B5D-13C3C5CCA23E}.Debug|Any CPU.ActiveCfg = Debug|Any CPU
		{65B09032-602D-4348-8B5D-13C3C5CCA23E}.Debug|Any CPU.Build.0 = Debug|Any CPU
		{65B09032-602D-4348-8B5D-13C3C5CCA23E}.Release|Any CPU.ActiveCfg = Release|Any CPU
		{65B09032-602D-4348-8B5D-13C3C5CCA23E}.Release|Any CPU.Build.0 = Release|Any CPU
		{ED3FD565-7477-48CB-BE17-C9ED9F14B51C}.Debug|Any CPU.ActiveCfg = Debug|Any CPU
		{ED3FD565-7477-48CB-BE17-C9ED9F14B51C}.Debug|Any CPU.Build.0 = Debug|Any CPU
		{ED3FD565-7477-48CB-BE17-C9ED9F14B51C}.Release|Any CPU.ActiveCfg = Release|Any CPU
		{ED3FD565-7477-48CB-BE17-C9ED9F14B51C}.Release|Any CPU.Build.0 = Release|Any CPU
		{3E87902D-9CE6-45AE-8DC3-7DCC824546A9}.Debug|Any CPU.ActiveCfg = Debug|Any CPU
		{3E87902D-9CE6-45AE-8DC3-7DCC824546A9}.Debug|Any CPU.Build.0 = Debug|Any CPU
		{3E87902D-9CE6-45AE-8DC3-7DCC824546A9}.Release|Any CPU.ActiveCfg = Release|Any CPU
		{3E87902D-9CE6-45AE-8DC3-7DCC824546A9}.Release|Any CPU.Build.0 = Release|Any CPU
		{61A48924-CD03-4811-99DD-91D18567153D}.Debug|Any CPU.ActiveCfg = Debug|Any CPU
		{61A48924-CD03-4811-99DD-91D18567153D}.Debug|Any CPU.Build.0 = Debug|Any CPU
		{61A48924-CD03-4811-99DD-91D18567153D}.Release|Any CPU.ActiveCfg = Release|Any CPU
		{61A48924-CD03-4811-99DD-91D18567153D}.Release|Any CPU.Build.0 = Release|Any CPU
		{A4B08E51-4378-49E7-A9B6-317FF92E0503}.Debug|Any CPU.ActiveCfg = Debug|Any CPU
		{A4B08E51-4378-49E7-A9B6-317FF92E0503}.Debug|Any CPU.Build.0 = Debug|Any CPU
		{A4B08E51-4378-49E7-A9B6-317FF92E0503}.Release|Any CPU.ActiveCfg = Release|Any CPU
		{A4B08E51-4378-49E7-A9B6-317FF92E0503}.Release|Any CPU.Build.0 = Release|Any CPU
		{B3513D65-1970-4BE1-825F-2618C68A6BF2}.Debug|Any CPU.ActiveCfg = Debug|Any CPU
		{B3513D65-1970-4BE1-825F-2618C68A6BF2}.Debug|Any CPU.Build.0 = Debug|Any CPU
		{B3513D65-1970-4BE1-825F-2618C68A6BF2}.Release|Any CPU.ActiveCfg = Release|Any CPU
		{B3513D65-1970-4BE1-825F-2618C68A6BF2}.Release|Any CPU.Build.0 = Release|Any CPU
		{D9F5B185-5C89-435F-BA94-D035A2965225}.Debug|Any CPU.ActiveCfg = Debug|Any CPU
		{D9F5B185-5C89-435F-BA94-D035A2965225}.Debug|Any CPU.Build.0 = Debug|Any CPU
		{D9F5B185-5C89-435F-BA94-D035A2965225}.Release|Any CPU.ActiveCfg = Release|Any CPU
		{D9F5B185-5C89-435F-BA94-D035A2965225}.Release|Any CPU.Build.0 = Release|Any CPU
		{ACA11C76-1F13-4F68-B063-B99B7DDF2453}.Debug|Any CPU.ActiveCfg = Debug|Any CPU
		{ACA11C76-1F13-4F68-B063-B99B7DDF2453}.Debug|Any CPU.Build.0 = Debug|Any CPU
		{ACA11C76-1F13-4F68-B063-B99B7DDF2453}.Release|Any CPU.ActiveCfg = Release|Any CPU
		{ACA11C76-1F13-4F68-B063-B99B7DDF2453}.Release|Any CPU.Build.0 = Release|Any CPU
		{8DFF5ABA-2666-449A-921C-816814956241}.Debug|Any CPU.ActiveCfg = Debug|Any CPU
		{8DFF5ABA-2666-449A-921C-816814956241}.Debug|Any CPU.Build.0 = Debug|Any CPU
		{8DFF5ABA-2666-449A-921C-816814956241}.Release|Any CPU.ActiveCfg = Release|Any CPU
		{8DFF5ABA-2666-449A-921C-816814956241}.Release|Any CPU.Build.0 = Release|Any CPU
		{65D354D2-1834-413A-B8AA-958C1F15E56C}.Debug|Any CPU.ActiveCfg = Debug|Any CPU
		{65D354D2-1834-413A-B8AA-958C1F15E56C}.Debug|Any CPU.Build.0 = Debug|Any CPU
		{65D354D2-1834-413A-B8AA-958C1F15E56C}.Release|Any CPU.ActiveCfg = Release|Any CPU
		{65D354D2-1834-413A-B8AA-958C1F15E56C}.Release|Any CPU.Build.0 = Release|Any CPU
		{301F6513-639D-4C93-8169-8938DBA14EEF}.Debug|Any CPU.ActiveCfg = Debug|Any CPU
		{301F6513-639D-4C93-8169-8938DBA14EEF}.Debug|Any CPU.Build.0 = Debug|Any CPU
		{301F6513-639D-4C93-8169-8938DBA14EEF}.Release|Any CPU.ActiveCfg = Release|Any CPU
		{301F6513-639D-4C93-8169-8938DBA14EEF}.Release|Any CPU.Build.0 = Release|Any CPU
		{FB59D0F0-0CA2-4EDE-AA1F-F739A9D1E0B0}.Debug|Any CPU.ActiveCfg = Debug|Any CPU
		{FB59D0F0-0CA2-4EDE-AA1F-F739A9D1E0B0}.Debug|Any CPU.Build.0 = Debug|Any CPU
		{FB59D0F0-0CA2-4EDE-AA1F-F739A9D1E0B0}.Release|Any CPU.ActiveCfg = Release|Any CPU
		{FB59D0F0-0CA2-4EDE-AA1F-F739A9D1E0B0}.Release|Any CPU.Build.0 = Release|Any CPU
		{83C5FDFF-20B2-402B-AFD2-AF05DC0C9631}.Debug|Any CPU.ActiveCfg = Debug|Any CPU
		{83C5FDFF-20B2-402B-AFD2-AF05DC0C9631}.Debug|Any CPU.Build.0 = Debug|Any CPU
		{83C5FDFF-20B2-402B-AFD2-AF05DC0C9631}.Release|Any CPU.ActiveCfg = Release|Any CPU
		{83C5FDFF-20B2-402B-AFD2-AF05DC0C9631}.Release|Any CPU.Build.0 = Release|Any CPU
		{58112004-5BC0-4656-8618-ADD1AF0373B2}.Debug|Any CPU.ActiveCfg = Debug|Any CPU
		{58112004-5BC0-4656-8618-ADD1AF0373B2}.Debug|Any CPU.Build.0 = Debug|Any CPU
		{58112004-5BC0-4656-8618-ADD1AF0373B2}.Release|Any CPU.ActiveCfg = Release|Any CPU
		{58112004-5BC0-4656-8618-ADD1AF0373B2}.Release|Any CPU.Build.0 = Release|Any CPU
		{76B4EAB2-B143-406E-B338-B4DC43AC11B4}.Debug|Any CPU.ActiveCfg = Debug|Any CPU
		{76B4EAB2-B143-406E-B338-B4DC43AC11B4}.Debug|Any CPU.Build.0 = Debug|Any CPU
		{76B4EAB2-B143-406E-B338-B4DC43AC11B4}.Release|Any CPU.ActiveCfg = Release|Any CPU
		{76B4EAB2-B143-406E-B338-B4DC43AC11B4}.Release|Any CPU.Build.0 = Release|Any CPU
		{A696D036-1D2E-4ADE-B4D1-CC3298232F72}.Debug|Any CPU.ActiveCfg = Debug|Any CPU
		{A696D036-1D2E-4ADE-B4D1-CC3298232F72}.Debug|Any CPU.Build.0 = Debug|Any CPU
		{A696D036-1D2E-4ADE-B4D1-CC3298232F72}.Release|Any CPU.ActiveCfg = Release|Any CPU
		{A696D036-1D2E-4ADE-B4D1-CC3298232F72}.Release|Any CPU.Build.0 = Release|Any CPU
		{17EBB487-76F5-4B11-942A-EEE56A94A9B6}.Debug|Any CPU.ActiveCfg = Debug|Any CPU
		{17EBB487-76F5-4B11-942A-EEE56A94A9B6}.Debug|Any CPU.Build.0 = Debug|Any CPU
		{17EBB487-76F5-4B11-942A-EEE56A94A9B6}.Release|Any CPU.ActiveCfg = Release|Any CPU
		{17EBB487-76F5-4B11-942A-EEE56A94A9B6}.Release|Any CPU.Build.0 = Release|Any CPU
		{29775E2A-DF21-4BEA-8020-4400C4700F1C}.Debug|Any CPU.ActiveCfg = Debug|Any CPU
		{29775E2A-DF21-4BEA-8020-4400C4700F1C}.Debug|Any CPU.Build.0 = Debug|Any CPU
		{29775E2A-DF21-4BEA-8020-4400C4700F1C}.Release|Any CPU.ActiveCfg = Release|Any CPU
		{29775E2A-DF21-4BEA-8020-4400C4700F1C}.Release|Any CPU.Build.0 = Release|Any CPU
		{51C290E6-D675-407B-BC58-8A3B53BEEBF0}.Debug|Any CPU.ActiveCfg = Debug|Any CPU
		{51C290E6-D675-407B-BC58-8A3B53BEEBF0}.Debug|Any CPU.Build.0 = Debug|Any CPU
		{51C290E6-D675-407B-BC58-8A3B53BEEBF0}.Release|Any CPU.ActiveCfg = Release|Any CPU
		{51C290E6-D675-407B-BC58-8A3B53BEEBF0}.Release|Any CPU.Build.0 = Release|Any CPU
		{F363E293-5A42-4FDA-A0A1-AD5F67985D61}.Debug|Any CPU.ActiveCfg = Debug|Any CPU
		{F363E293-5A42-4FDA-A0A1-AD5F67985D61}.Debug|Any CPU.Build.0 = Debug|Any CPU
		{F363E293-5A42-4FDA-A0A1-AD5F67985D61}.Release|Any CPU.ActiveCfg = Release|Any CPU
		{F363E293-5A42-4FDA-A0A1-AD5F67985D61}.Release|Any CPU.Build.0 = Release|Any CPU
		{EE62D799-C98B-42C5-82C3-9D58B97492A3}.Debug|Any CPU.ActiveCfg = Debug|Any CPU
		{EE62D799-C98B-42C5-82C3-9D58B97492A3}.Debug|Any CPU.Build.0 = Debug|Any CPU
		{EE62D799-C98B-42C5-82C3-9D58B97492A3}.Release|Any CPU.ActiveCfg = Release|Any CPU
		{EE62D799-C98B-42C5-82C3-9D58B97492A3}.Release|Any CPU.Build.0 = Release|Any CPU
		{AEB07814-1A11-4170-B915-BB1CFFEA6605}.Debug|Any CPU.ActiveCfg = Debug|Any CPU
		{AEB07814-1A11-4170-B915-BB1CFFEA6605}.Debug|Any CPU.Build.0 = Debug|Any CPU
		{AEB07814-1A11-4170-B915-BB1CFFEA6605}.Release|Any CPU.ActiveCfg = Release|Any CPU
		{AEB07814-1A11-4170-B915-BB1CFFEA6605}.Release|Any CPU.Build.0 = Release|Any CPU
		{A8AE3EBC-DB4B-49CD-9A6E-3146E08F4BBD}.Debug|Any CPU.ActiveCfg = Debug|Any CPU
		{A8AE3EBC-DB4B-49CD-9A6E-3146E08F4BBD}.Debug|Any CPU.Build.0 = Debug|Any CPU
		{A8AE3EBC-DB4B-49CD-9A6E-3146E08F4BBD}.Release|Any CPU.ActiveCfg = Release|Any CPU
		{A8AE3EBC-DB4B-49CD-9A6E-3146E08F4BBD}.Release|Any CPU.Build.0 = Release|Any CPU
		{2F9AEAC6-D65D-4539-A1A9-29CB887130F3}.Debug|Any CPU.ActiveCfg = Debug|Any CPU
		{2F9AEAC6-D65D-4539-A1A9-29CB887130F3}.Debug|Any CPU.Build.0 = Debug|Any CPU
		{2F9AEAC6-D65D-4539-A1A9-29CB887130F3}.Release|Any CPU.ActiveCfg = Release|Any CPU
		{2F9AEAC6-D65D-4539-A1A9-29CB887130F3}.Release|Any CPU.Build.0 = Release|Any CPU
		{F7539F21-C45A-44AE-942C-8E470B464F32}.Debug|Any CPU.ActiveCfg = Debug|Any CPU
		{F7539F21-C45A-44AE-942C-8E470B464F32}.Debug|Any CPU.Build.0 = Debug|Any CPU
		{F7539F21-C45A-44AE-942C-8E470B464F32}.Release|Any CPU.ActiveCfg = Release|Any CPU
		{F7539F21-C45A-44AE-942C-8E470B464F32}.Release|Any CPU.Build.0 = Release|Any CPU
		{91EBD0ED-6F89-4474-B155-5A4B4B456149}.Debug|Any CPU.ActiveCfg = Debug|Any CPU
		{91EBD0ED-6F89-4474-B155-5A4B4B456149}.Debug|Any CPU.Build.0 = Debug|Any CPU
		{91EBD0ED-6F89-4474-B155-5A4B4B456149}.Release|Any CPU.ActiveCfg = Release|Any CPU
		{91EBD0ED-6F89-4474-B155-5A4B4B456149}.Release|Any CPU.Build.0 = Release|Any CPU
		{0BEB4416-DA48-420A-A872-7EA17EF075B7}.Debug|Any CPU.ActiveCfg = Debug|Any CPU
		{0BEB4416-DA48-420A-A872-7EA17EF075B7}.Debug|Any CPU.Build.0 = Debug|Any CPU
		{0BEB4416-DA48-420A-A872-7EA17EF075B7}.Release|Any CPU.ActiveCfg = Release|Any CPU
		{0BEB4416-DA48-420A-A872-7EA17EF075B7}.Release|Any CPU.Build.0 = Release|Any CPU
		{D912F095-D2EC-4AAE-B5B8-7DF40B146985}.Debug|Any CPU.ActiveCfg = Debug|Any CPU
		{D912F095-D2EC-4AAE-B5B8-7DF40B146985}.Debug|Any CPU.Build.0 = Debug|Any CPU
		{D912F095-D2EC-4AAE-B5B8-7DF40B146985}.Release|Any CPU.ActiveCfg = Release|Any CPU
		{D912F095-D2EC-4AAE-B5B8-7DF40B146985}.Release|Any CPU.Build.0 = Release|Any CPU
		{E9319E06-214A-4EA1-BA57-C7525B5594E5}.Debug|Any CPU.ActiveCfg = Debug|Any CPU
		{E9319E06-214A-4EA1-BA57-C7525B5594E5}.Debug|Any CPU.Build.0 = Debug|Any CPU
		{E9319E06-214A-4EA1-BA57-C7525B5594E5}.Release|Any CPU.ActiveCfg = Release|Any CPU
		{E9319E06-214A-4EA1-BA57-C7525B5594E5}.Release|Any CPU.Build.0 = Release|Any CPU
		{C54D6E4F-CFE4-4C5D-ABFF-2C76D9F06ED5}.Debug|Any CPU.ActiveCfg = Debug|Any CPU
		{C54D6E4F-CFE4-4C5D-ABFF-2C76D9F06ED5}.Debug|Any CPU.Build.0 = Debug|Any CPU
		{C54D6E4F-CFE4-4C5D-ABFF-2C76D9F06ED5}.Release|Any CPU.ActiveCfg = Release|Any CPU
		{C54D6E4F-CFE4-4C5D-ABFF-2C76D9F06ED5}.Release|Any CPU.Build.0 = Release|Any CPU
		{63A89F4D-2E5C-4E96-8514-7D4C19F7F874}.Debug|Any CPU.ActiveCfg = Debug|Any CPU
		{63A89F4D-2E5C-4E96-8514-7D4C19F7F874}.Debug|Any CPU.Build.0 = Debug|Any CPU
		{63A89F4D-2E5C-4E96-8514-7D4C19F7F874}.Release|Any CPU.ActiveCfg = Release|Any CPU
		{63A89F4D-2E5C-4E96-8514-7D4C19F7F874}.Release|Any CPU.Build.0 = Release|Any CPU
		{A9E0BAFE-D45E-4DE3-9F62-0B4B7C3B140E}.Debug|Any CPU.ActiveCfg = Debug|Any CPU
		{A9E0BAFE-D45E-4DE3-9F62-0B4B7C3B140E}.Debug|Any CPU.Build.0 = Debug|Any CPU
		{A9E0BAFE-D45E-4DE3-9F62-0B4B7C3B140E}.Release|Any CPU.ActiveCfg = Release|Any CPU
		{A9E0BAFE-D45E-4DE3-9F62-0B4B7C3B140E}.Release|Any CPU.Build.0 = Release|Any CPU
		{49115E6D-7728-4DAA-9DB0-96E1484B65EC}.Debug|Any CPU.ActiveCfg = Debug|Any CPU
		{49115E6D-7728-4DAA-9DB0-96E1484B65EC}.Debug|Any CPU.Build.0 = Debug|Any CPU
		{49115E6D-7728-4DAA-9DB0-96E1484B65EC}.Release|Any CPU.ActiveCfg = Release|Any CPU
		{49115E6D-7728-4DAA-9DB0-96E1484B65EC}.Release|Any CPU.Build.0 = Release|Any CPU
		{C9CCFEFC-5FEF-4E23-8D7D-AF41A42C31B5}.Debug|Any CPU.ActiveCfg = Debug|Any CPU
		{C9CCFEFC-5FEF-4E23-8D7D-AF41A42C31B5}.Debug|Any CPU.Build.0 = Debug|Any CPU
		{C9CCFEFC-5FEF-4E23-8D7D-AF41A42C31B5}.Release|Any CPU.ActiveCfg = Release|Any CPU
		{C9CCFEFC-5FEF-4E23-8D7D-AF41A42C31B5}.Release|Any CPU.Build.0 = Release|Any CPU
		{DF923B8C-51B3-4AA8-87F3-E67F84B4D541}.Debug|Any CPU.ActiveCfg = Debug|Any CPU
		{DF923B8C-51B3-4AA8-87F3-E67F84B4D541}.Debug|Any CPU.Build.0 = Debug|Any CPU
		{DF923B8C-51B3-4AA8-87F3-E67F84B4D541}.Release|Any CPU.ActiveCfg = Release|Any CPU
		{DF923B8C-51B3-4AA8-87F3-E67F84B4D541}.Release|Any CPU.Build.0 = Release|Any CPU
		{BC339711-81C8-4DB7-835C-EB75CC4A0BC3}.Debug|Any CPU.ActiveCfg = Debug|Any CPU
		{BC339711-81C8-4DB7-835C-EB75CC4A0BC3}.Debug|Any CPU.Build.0 = Debug|Any CPU
		{BC339711-81C8-4DB7-835C-EB75CC4A0BC3}.Release|Any CPU.ActiveCfg = Release|Any CPU
		{BC339711-81C8-4DB7-835C-EB75CC4A0BC3}.Release|Any CPU.Build.0 = Release|Any CPU
		{045F77BC-D4D6-4A79-9230-5067F23AD344}.Debug|Any CPU.ActiveCfg = Debug|Any CPU
		{045F77BC-D4D6-4A79-9230-5067F23AD344}.Debug|Any CPU.Build.0 = Debug|Any CPU
		{045F77BC-D4D6-4A79-9230-5067F23AD344}.Release|Any CPU.ActiveCfg = Release|Any CPU
		{045F77BC-D4D6-4A79-9230-5067F23AD344}.Release|Any CPU.Build.0 = Release|Any CPU
		{BBFD884B-78F3-4AE3-AEA6-31AC9A397474}.Debug|Any CPU.ActiveCfg = Debug|Any CPU
		{BBFD884B-78F3-4AE3-AEA6-31AC9A397474}.Debug|Any CPU.Build.0 = Debug|Any CPU
		{BBFD884B-78F3-4AE3-AEA6-31AC9A397474}.Release|Any CPU.ActiveCfg = Release|Any CPU
		{BBFD884B-78F3-4AE3-AEA6-31AC9A397474}.Release|Any CPU.Build.0 = Release|Any CPU
		{F155C715-A82F-42F5-8A5E-5350A86710F6}.Debug|Any CPU.ActiveCfg = Debug|Any CPU
		{F155C715-A82F-42F5-8A5E-5350A86710F6}.Debug|Any CPU.Build.0 = Debug|Any CPU
		{F155C715-A82F-42F5-8A5E-5350A86710F6}.Release|Any CPU.ActiveCfg = Release|Any CPU
		{F155C715-A82F-42F5-8A5E-5350A86710F6}.Release|Any CPU.Build.0 = Release|Any CPU
		{7E5FBD12-6207-4E3F-9DE8-7EEA9B4BF08F}.Debug|Any CPU.ActiveCfg = Debug|Any CPU
		{7E5FBD12-6207-4E3F-9DE8-7EEA9B4BF08F}.Debug|Any CPU.Build.0 = Debug|Any CPU
		{7E5FBD12-6207-4E3F-9DE8-7EEA9B4BF08F}.Release|Any CPU.ActiveCfg = Release|Any CPU
		{7E5FBD12-6207-4E3F-9DE8-7EEA9B4BF08F}.Release|Any CPU.Build.0 = Release|Any CPU
		{785C7052-5641-407F-945E-B892C3675C3F}.Debug|Any CPU.ActiveCfg = Debug|Any CPU
		{785C7052-5641-407F-945E-B892C3675C3F}.Debug|Any CPU.Build.0 = Debug|Any CPU
		{785C7052-5641-407F-945E-B892C3675C3F}.Release|Any CPU.ActiveCfg = Release|Any CPU
		{785C7052-5641-407F-945E-B892C3675C3F}.Release|Any CPU.Build.0 = Release|Any CPU
		{7B2F9E32-7517-44EB-BF9B-5579233B44A5}.Debug|Any CPU.ActiveCfg = Debug|Any CPU
		{7B2F9E32-7517-44EB-BF9B-5579233B44A5}.Debug|Any CPU.Build.0 = Debug|Any CPU
		{7B2F9E32-7517-44EB-BF9B-5579233B44A5}.Release|Any CPU.ActiveCfg = Release|Any CPU
		{7B2F9E32-7517-44EB-BF9B-5579233B44A5}.Release|Any CPU.Build.0 = Release|Any CPU
		{9F188075-29F0-430B-955D-BEF6496122A9}.Debug|Any CPU.ActiveCfg = Debug|Any CPU
		{9F188075-29F0-430B-955D-BEF6496122A9}.Debug|Any CPU.Build.0 = Debug|Any CPU
		{9F188075-29F0-430B-955D-BEF6496122A9}.Release|Any CPU.ActiveCfg = Release|Any CPU
		{9F188075-29F0-430B-955D-BEF6496122A9}.Release|Any CPU.Build.0 = Release|Any CPU
		{48EA44B5-5B42-421C-8039-30976424AD11}.Debug|Any CPU.ActiveCfg = Debug|Any CPU
		{48EA44B5-5B42-421C-8039-30976424AD11}.Debug|Any CPU.Build.0 = Debug|Any CPU
		{48EA44B5-5B42-421C-8039-30976424AD11}.Release|Any CPU.ActiveCfg = Release|Any CPU
		{48EA44B5-5B42-421C-8039-30976424AD11}.Release|Any CPU.Build.0 = Release|Any CPU
		{61EDB122-89ED-414C-B574-B20CB38971EC}.Debug|Any CPU.ActiveCfg = Debug|Any CPU
		{61EDB122-89ED-414C-B574-B20CB38971EC}.Debug|Any CPU.Build.0 = Debug|Any CPU
		{61EDB122-89ED-414C-B574-B20CB38971EC}.Release|Any CPU.ActiveCfg = Release|Any CPU
		{61EDB122-89ED-414C-B574-B20CB38971EC}.Release|Any CPU.Build.0 = Release|Any CPU
		{8B631F50-9E46-4EAD-A01B-76BBBA0F7ECD}.Debug|Any CPU.ActiveCfg = Debug|Any CPU
		{8B631F50-9E46-4EAD-A01B-76BBBA0F7ECD}.Debug|Any CPU.Build.0 = Debug|Any CPU
		{8B631F50-9E46-4EAD-A01B-76BBBA0F7ECD}.Release|Any CPU.ActiveCfg = Release|Any CPU
		{8B631F50-9E46-4EAD-A01B-76BBBA0F7ECD}.Release|Any CPU.Build.0 = Release|Any CPU
		{71119D2A-3FAC-4662-A41C-B3FF66D8ABB5}.Debug|Any CPU.ActiveCfg = Debug|Any CPU
		{71119D2A-3FAC-4662-A41C-B3FF66D8ABB5}.Debug|Any CPU.Build.0 = Debug|Any CPU
		{71119D2A-3FAC-4662-A41C-B3FF66D8ABB5}.Release|Any CPU.ActiveCfg = Release|Any CPU
		{71119D2A-3FAC-4662-A41C-B3FF66D8ABB5}.Release|Any CPU.Build.0 = Release|Any CPU
		{E0A2469B-E4A1-4D8E-A41E-6C917F3074B5}.Debug|Any CPU.ActiveCfg = Debug|Any CPU
		{E0A2469B-E4A1-4D8E-A41E-6C917F3074B5}.Debug|Any CPU.Build.0 = Debug|Any CPU
		{E0A2469B-E4A1-4D8E-A41E-6C917F3074B5}.Release|Any CPU.ActiveCfg = Release|Any CPU
		{E0A2469B-E4A1-4D8E-A41E-6C917F3074B5}.Release|Any CPU.Build.0 = Release|Any CPU
		{15E1D70F-3617-4352-AB26-454A112320FB}.Debug|Any CPU.ActiveCfg = Debug|Any CPU
		{15E1D70F-3617-4352-AB26-454A112320FB}.Debug|Any CPU.Build.0 = Debug|Any CPU
		{15E1D70F-3617-4352-AB26-454A112320FB}.Release|Any CPU.ActiveCfg = Release|Any CPU
		{15E1D70F-3617-4352-AB26-454A112320FB}.Release|Any CPU.Build.0 = Release|Any CPU
		{53CCE29C-CDDD-434D-9DC7-5FDFA29D211F}.Debug|Any CPU.ActiveCfg = Debug|Any CPU
		{53CCE29C-CDDD-434D-9DC7-5FDFA29D211F}.Debug|Any CPU.Build.0 = Debug|Any CPU
		{53CCE29C-CDDD-434D-9DC7-5FDFA29D211F}.Release|Any CPU.ActiveCfg = Release|Any CPU
		{53CCE29C-CDDD-434D-9DC7-5FDFA29D211F}.Release|Any CPU.Build.0 = Release|Any CPU
		{890EF9E6-9E7E-414D-A052-4521E5B0D2AE}.Debug|Any CPU.ActiveCfg = Debug|Any CPU
		{890EF9E6-9E7E-414D-A052-4521E5B0D2AE}.Debug|Any CPU.Build.0 = Debug|Any CPU
		{890EF9E6-9E7E-414D-A052-4521E5B0D2AE}.Release|Any CPU.ActiveCfg = Release|Any CPU
		{890EF9E6-9E7E-414D-A052-4521E5B0D2AE}.Release|Any CPU.Build.0 = Release|Any CPU
		{C57273D4-EE26-43EB-A590-0DA7A6CEBBD0}.Debug|Any CPU.ActiveCfg = Debug|Any CPU
		{C57273D4-EE26-43EB-A590-0DA7A6CEBBD0}.Debug|Any CPU.Build.0 = Debug|Any CPU
		{C57273D4-EE26-43EB-A590-0DA7A6CEBBD0}.Release|Any CPU.ActiveCfg = Release|Any CPU
		{C57273D4-EE26-43EB-A590-0DA7A6CEBBD0}.Release|Any CPU.Build.0 = Release|Any CPU
		{645D842F-3F31-4948-82BC-D9BBB0576516}.Debug|Any CPU.ActiveCfg = Debug|Any CPU
		{645D842F-3F31-4948-82BC-D9BBB0576516}.Debug|Any CPU.Build.0 = Debug|Any CPU
		{645D842F-3F31-4948-82BC-D9BBB0576516}.Release|Any CPU.ActiveCfg = Release|Any CPU
		{645D842F-3F31-4948-82BC-D9BBB0576516}.Release|Any CPU.Build.0 = Release|Any CPU
		{5E2316D7-0239-4C99-8255-BEC19851741A}.Debug|Any CPU.ActiveCfg = Debug|Any CPU
		{5E2316D7-0239-4C99-8255-BEC19851741A}.Debug|Any CPU.Build.0 = Debug|Any CPU
		{5E2316D7-0239-4C99-8255-BEC19851741A}.Release|Any CPU.ActiveCfg = Release|Any CPU
		{5E2316D7-0239-4C99-8255-BEC19851741A}.Release|Any CPU.Build.0 = Release|Any CPU
		{8263368E-463F-4FB9-9FD4-D0E6F2F72D67}.Debug|Any CPU.ActiveCfg = Debug|Any CPU
		{8263368E-463F-4FB9-9FD4-D0E6F2F72D67}.Debug|Any CPU.Build.0 = Debug|Any CPU
		{8263368E-463F-4FB9-9FD4-D0E6F2F72D67}.Release|Any CPU.ActiveCfg = Release|Any CPU
		{8263368E-463F-4FB9-9FD4-D0E6F2F72D67}.Release|Any CPU.Build.0 = Release|Any CPU
		{0C2DB8C4-879B-41E0-B6BE-E0BD13E5A994}.Debug|Any CPU.ActiveCfg = Debug|Any CPU
		{0C2DB8C4-879B-41E0-B6BE-E0BD13E5A994}.Debug|Any CPU.Build.0 = Debug|Any CPU
		{0C2DB8C4-879B-41E0-B6BE-E0BD13E5A994}.Release|Any CPU.ActiveCfg = Release|Any CPU
		{0C2DB8C4-879B-41E0-B6BE-E0BD13E5A994}.Release|Any CPU.Build.0 = Release|Any CPU
		{D3EB5C92-2FA6-466D-A09D-D2567C2FBF9B}.Debug|Any CPU.ActiveCfg = Debug|Any CPU
		{D3EB5C92-2FA6-466D-A09D-D2567C2FBF9B}.Debug|Any CPU.Build.0 = Debug|Any CPU
		{D3EB5C92-2FA6-466D-A09D-D2567C2FBF9B}.Release|Any CPU.ActiveCfg = Release|Any CPU
		{D3EB5C92-2FA6-466D-A09D-D2567C2FBF9B}.Release|Any CPU.Build.0 = Release|Any CPU
		{9ABB7AA5-BFB9-4975-80C7-69B4AEFEF795}.Debug|Any CPU.ActiveCfg = Debug|Any CPU
		{9ABB7AA5-BFB9-4975-80C7-69B4AEFEF795}.Debug|Any CPU.Build.0 = Debug|Any CPU
		{9ABB7AA5-BFB9-4975-80C7-69B4AEFEF795}.Release|Any CPU.ActiveCfg = Release|Any CPU
		{9ABB7AA5-BFB9-4975-80C7-69B4AEFEF795}.Release|Any CPU.Build.0 = Release|Any CPU
		{13F8477B-8F3F-43AF-845A-86061EB3C784}.Debug|Any CPU.ActiveCfg = Debug|Any CPU
		{13F8477B-8F3F-43AF-845A-86061EB3C784}.Debug|Any CPU.Build.0 = Debug|Any CPU
		{13F8477B-8F3F-43AF-845A-86061EB3C784}.Release|Any CPU.ActiveCfg = Release|Any CPU
		{13F8477B-8F3F-43AF-845A-86061EB3C784}.Release|Any CPU.Build.0 = Release|Any CPU
		{5CEAC432-FC6F-44D4-9CD6-20641292FA6B}.Debug|Any CPU.ActiveCfg = Debug|Any CPU
		{5CEAC432-FC6F-44D4-9CD6-20641292FA6B}.Debug|Any CPU.Build.0 = Debug|Any CPU
		{5CEAC432-FC6F-44D4-9CD6-20641292FA6B}.Release|Any CPU.ActiveCfg = Release|Any CPU
		{5CEAC432-FC6F-44D4-9CD6-20641292FA6B}.Release|Any CPU.Build.0 = Release|Any CPU
		{1F655677-3BF6-4240-B52B-FCFB8C4D23C2}.Debug|Any CPU.ActiveCfg = Debug|Any CPU
		{1F655677-3BF6-4240-B52B-FCFB8C4D23C2}.Debug|Any CPU.Build.0 = Debug|Any CPU
		{1F655677-3BF6-4240-B52B-FCFB8C4D23C2}.Release|Any CPU.ActiveCfg = Release|Any CPU
		{1F655677-3BF6-4240-B52B-FCFB8C4D23C2}.Release|Any CPU.Build.0 = Release|Any CPU
		{51E3602C-8D21-4F9A-95D5-27DBCD0AE5B5}.Debug|Any CPU.ActiveCfg = Debug|Any CPU
		{51E3602C-8D21-4F9A-95D5-27DBCD0AE5B5}.Debug|Any CPU.Build.0 = Debug|Any CPU
		{51E3602C-8D21-4F9A-95D5-27DBCD0AE5B5}.Release|Any CPU.ActiveCfg = Release|Any CPU
		{51E3602C-8D21-4F9A-95D5-27DBCD0AE5B5}.Release|Any CPU.Build.0 = Release|Any CPU
		{9DF57131-2236-4A67-8154-592120FA7B03}.Debug|Any CPU.ActiveCfg = Debug|Any CPU
		{9DF57131-2236-4A67-8154-592120FA7B03}.Debug|Any CPU.Build.0 = Debug|Any CPU
		{9DF57131-2236-4A67-8154-592120FA7B03}.Release|Any CPU.ActiveCfg = Release|Any CPU
		{9DF57131-2236-4A67-8154-592120FA7B03}.Release|Any CPU.Build.0 = Release|Any CPU
		{082D320A-7AAA-40CC-91D2-A092E478B75B}.Debug|Any CPU.ActiveCfg = Debug|Any CPU
		{082D320A-7AAA-40CC-91D2-A092E478B75B}.Debug|Any CPU.Build.0 = Debug|Any CPU
		{082D320A-7AAA-40CC-91D2-A092E478B75B}.Release|Any CPU.ActiveCfg = Release|Any CPU
		{082D320A-7AAA-40CC-91D2-A092E478B75B}.Release|Any CPU.Build.0 = Release|Any CPU
		{D56D54A8-C56F-43C7-8257-60A659AB7294}.Debug|Any CPU.ActiveCfg = Debug|Any CPU
		{D56D54A8-C56F-43C7-8257-60A659AB7294}.Debug|Any CPU.Build.0 = Debug|Any CPU
		{D56D54A8-C56F-43C7-8257-60A659AB7294}.Release|Any CPU.ActiveCfg = Release|Any CPU
		{D56D54A8-C56F-43C7-8257-60A659AB7294}.Release|Any CPU.Build.0 = Release|Any CPU
	EndGlobalSection
	GlobalSection(SolutionProperties) = preSolution
		HideSolutionNode = FALSE
	EndGlobalSection
	GlobalSection(NestedProjects) = preSolution
		{942087B1-B62B-447D-840A-B7B09ED9C952} = {6C43422B-CC84-4A69-A99E-EDD23A91E7B9}
		{D6A52059-E89E-498D-A15E-3B554D9700E6} = {F6ABB757-994F-4D82-AF14-067FA6E8EDEC}
		{6F9340A8-8429-40E6-AB6F-486532030016} = {F6ABB757-994F-4D82-AF14-067FA6E8EDEC}
		{E0AD7BC9-CA4B-4EAF-B510-E7FED7D6D7B4} = {4FEB0FB6-BD6E-4BF1-AE2A-8F53E1C9BFF0}
		{8170107C-ACC5-45AA-B2A8-DF0FEC33CFC6} = {4FEB0FB6-BD6E-4BF1-AE2A-8F53E1C9BFF0}
		{ED06F6EE-0FD9-4F6B-950A-BA9E7577D8E6} = {F409A05F-CB9F-474E-ABB7-7589538193E3}
		{E103CB81-A30E-411A-BC49-1900CDB7441C} = {6F759F31-C56D-4B73-B8A7-2959343545C3}
		{55F8AC42-6D48-4C2C-92F1-986737835E43} = {6F759F31-C56D-4B73-B8A7-2959343545C3}
		{BAF733B7-7932-4F26-8C5C-6674B02E1194} = {F409A05F-CB9F-474E-ABB7-7589538193E3}
		{61BE5CCF-BF91-4022-BB4F-D7127F210A7E} = {6F759F31-C56D-4B73-B8A7-2959343545C3}
		{80F74A86-FAF7-4BFA-BCAC-B7760877BE2B} = {6F759F31-C56D-4B73-B8A7-2959343545C3}
		{EDF1C988-9670-44A9-B104-CFAB81B85F3A} = {6F759F31-C56D-4B73-B8A7-2959343545C3}
		{388CD141-6C08-4FD3-97CA-87E275A982B1} = {6F759F31-C56D-4B73-B8A7-2959343545C3}
		{0192B7AA-8DA9-4B1E-88B1-D9A59290118D} = {6F759F31-C56D-4B73-B8A7-2959343545C3}
		{9C66D57D-AB3F-4866-8748-26B0564275C0} = {6F759F31-C56D-4B73-B8A7-2959343545C3}
		{82A18377-1919-44B9-83F5-9383249F2A95} = {3CB6D032-D0AB-47DB-A885-CAA425A425C2}
		{A6280E03-58C4-4000-BF88-D59B65A2608B} = {3CB6D032-D0AB-47DB-A885-CAA425A425C2}
		{636365A7-37DF-4479-9512-14070F43CD18} = {43AA2B95-569B-4E7D-A167-8161A3D928A5}
		{561A9DD8-E7F3-4AD7-BDD3-8CF539F2EC3C} = {2486B7BA-3A64-47DB-90D3-D1B8FEF40907}
		{160D88AD-0091-4104-B113-18DF1FA2B242} = {6F759F31-C56D-4B73-B8A7-2959343545C3}
		{2F6B030D-6949-484D-9179-9F1D15DC583F} = {6F759F31-C56D-4B73-B8A7-2959343545C3}
		{9D64B851-D77B-46E3-937E-1A02EC46030C} = {2486B7BA-3A64-47DB-90D3-D1B8FEF40907}
		{8CA16C3D-59AB-4883-BEFE-0C90A3F72456} = {2486B7BA-3A64-47DB-90D3-D1B8FEF40907}
		{15B56D8F-370A-4AB6-A3FB-81254E8E2E87} = {2486B7BA-3A64-47DB-90D3-D1B8FEF40907}
		{937C392D-D39F-4477-BA5F-FA4FFFDA16BF} = {6F759F31-C56D-4B73-B8A7-2959343545C3}
		{0F9A12A9-8390-42AE-A764-57805AD42CF6} = {2486B7BA-3A64-47DB-90D3-D1B8FEF40907}
		{75645011-4836-479C-B9F3-7F8E970490F2} = {2486B7BA-3A64-47DB-90D3-D1B8FEF40907}
		{389DA344-6815-45F2-A696-7780622F4A0F} = {6F759F31-C56D-4B73-B8A7-2959343545C3}
		{1B0D2D91-399D-4C6E-908F-FE33A83EB89F} = {6F759F31-C56D-4B73-B8A7-2959343545C3}
		{DD135772-2522-4EE2-9872-8F36B4B91083} = {FA598876-77B5-44F3-901F-09D01C7CF842}
		{76B9496B-5AC3-4AD2-B88C-89B0403EB656} = {FA598876-77B5-44F3-901F-09D01C7CF842}
		{539F7978-B308-48BB-9BA0-1E93043DFFE3} = {FA598876-77B5-44F3-901F-09D01C7CF842}
		{3A10F315-133B-488C-9239-2896E4C45383} = {6F759F31-C56D-4B73-B8A7-2959343545C3}
		{8B47142F-59DC-41DF-9CE4-04D32F3B0718} = {6F759F31-C56D-4B73-B8A7-2959343545C3}
		{4EED69E5-B128-415E-BF26-AA95AC71D5CA} = {3C190F4D-E054-40D5-A3F8-B94B8FB93622}
		{F4C2490F-772D-4CFA-8376-B44E8FF20FE4} = {3C190F4D-E054-40D5-A3F8-B94B8FB93622}
		{4D23FFB2-DBCD-40FE-81E1-CC1ADE7EF16A} = {3C190F4D-E054-40D5-A3F8-B94B8FB93622}
		{6B7E1B27-E29A-49D6-8891-9D9A28E3C32C} = {3C190F4D-E054-40D5-A3F8-B94B8FB93622}
		{6E29FB00-CC81-41E4-9FAA-9E42D3A9A0FA} = {6F759F31-C56D-4B73-B8A7-2959343545C3}
		{03880993-9C73-4DF3-8074-6A5B060430BB} = {6F759F31-C56D-4B73-B8A7-2959343545C3}
		{A5F84E79-C528-48EA-AFA3-CCAA296278FF} = {6F759F31-C56D-4B73-B8A7-2959343545C3}
		{3F363A0E-4458-4F2E-8207-230CCC3C060C} = {6F759F31-C56D-4B73-B8A7-2959343545C3}
		{A6E33B4C-0314-4D1D-B1CD-74E86EE17E89} = {6F759F31-C56D-4B73-B8A7-2959343545C3}
		{F6716B04-97BA-48A2-886B-9D51B7B22CAD} = {6F759F31-C56D-4B73-B8A7-2959343545C3}
		{C42587CA-FCBE-4A13-A238-A422808C108D} = {6F759F31-C56D-4B73-B8A7-2959343545C3}
		{B6CED7F8-4984-471F-BA35-9034BDB8F5A2} = {EF16F41B-5830-4F5B-8F6C-BB9236E48F69}
		{96B92A58-65D3-4A74-91B4-1F9A24C8D031} = {EF16F41B-5830-4F5B-8F6C-BB9236E48F69}
		{52B0C6AF-4811-43FE-B47F-3D2A464F5995} = {6F759F31-C56D-4B73-B8A7-2959343545C3}
		{322EED6D-5634-4FFB-8FDD-3D3CC8D417E6} = {6F759F31-C56D-4B73-B8A7-2959343545C3}
		{058EEECD-214E-4778-89CE-DD071B5F5E30} = {F6ABB757-994F-4D82-AF14-067FA6E8EDEC}
		{4A93C2FD-9BA9-4DA9-9FF9-50D5BF14375F} = {F6ABB757-994F-4D82-AF14-067FA6E8EDEC}
		{93BC93B5-5BC0-4239-926A-4048805FE883} = {F6ABB757-994F-4D82-AF14-067FA6E8EDEC}
		{2FECDC08-1E8C-4747-B322-D9DEF0E2C4C4} = {F6ABB757-994F-4D82-AF14-067FA6E8EDEC}
		{8A99230B-03BD-4C44-9789-635357669440} = {F6ABB757-994F-4D82-AF14-067FA6E8EDEC}
		{8745815D-B583-4D46-8F92-230005FADC6B} = {F6ABB757-994F-4D82-AF14-067FA6E8EDEC}
		{41821BFE-45C6-4AEF-A915-4D6A88F943C2} = {F409A05F-CB9F-474E-ABB7-7589538193E3}
		{4D0FD72B-1B68-4BE5-9656-69703C675FAD} = {F409A05F-CB9F-474E-ABB7-7589538193E3}
		{0B682818-867F-4FF7-A05E-7477FEFF945F} = {F409A05F-CB9F-474E-ABB7-7589538193E3}
		{70DECA5A-243D-49D3-9CB3-3F91A3B3DB35} = {F409A05F-CB9F-474E-ABB7-7589538193E3}
		{B3CCB4D1-6E5E-4374-87AF-1B58053B5721} = {F409A05F-CB9F-474E-ABB7-7589538193E3}
		{8374F9E0-4418-4DC4-B79D-4325E4E0ED8E} = {F409A05F-CB9F-474E-ABB7-7589538193E3}
		{65B09032-602D-4348-8B5D-13C3C5CCA23E} = {4FEB0FB6-BD6E-4BF1-AE2A-8F53E1C9BFF0}
		{ED3FD565-7477-48CB-BE17-C9ED9F14B51C} = {4FEB0FB6-BD6E-4BF1-AE2A-8F53E1C9BFF0}
		{3E87902D-9CE6-45AE-8DC3-7DCC824546A9} = {4FEB0FB6-BD6E-4BF1-AE2A-8F53E1C9BFF0}
		{61A48924-CD03-4811-99DD-91D18567153D} = {4FEB0FB6-BD6E-4BF1-AE2A-8F53E1C9BFF0}
		{A4B08E51-4378-49E7-A9B6-317FF92E0503} = {4FEB0FB6-BD6E-4BF1-AE2A-8F53E1C9BFF0}
		{B3513D65-1970-4BE1-825F-2618C68A6BF2} = {4FEB0FB6-BD6E-4BF1-AE2A-8F53E1C9BFF0}
		{D9F5B185-5C89-435F-BA94-D035A2965225} = {4FEB0FB6-BD6E-4BF1-AE2A-8F53E1C9BFF0}
		{ACA11C76-1F13-4F68-B063-B99B7DDF2453} = {3CB6D032-D0AB-47DB-A885-CAA425A425C2}
		{8DFF5ABA-2666-449A-921C-816814956241} = {3CB6D032-D0AB-47DB-A885-CAA425A425C2}
		{65D354D2-1834-413A-B8AA-958C1F15E56C} = {3CB6D032-D0AB-47DB-A885-CAA425A425C2}
		{301F6513-639D-4C93-8169-8938DBA14EEF} = {3CB6D032-D0AB-47DB-A885-CAA425A425C2}
		{FB59D0F0-0CA2-4EDE-AA1F-F739A9D1E0B0} = {43AA2B95-569B-4E7D-A167-8161A3D928A5}
		{83C5FDFF-20B2-402B-AFD2-AF05DC0C9631} = {43AA2B95-569B-4E7D-A167-8161A3D928A5}
		{58112004-5BC0-4656-8618-ADD1AF0373B2} = {43AA2B95-569B-4E7D-A167-8161A3D928A5}
		{76B4EAB2-B143-406E-B338-B4DC43AC11B4} = {43AA2B95-569B-4E7D-A167-8161A3D928A5}
		{A696D036-1D2E-4ADE-B4D1-CC3298232F72} = {3C190F4D-E054-40D5-A3F8-B94B8FB93622}
		{17EBB487-76F5-4B11-942A-EEE56A94A9B6} = {3C190F4D-E054-40D5-A3F8-B94B8FB93622}
		{29775E2A-DF21-4BEA-8020-4400C4700F1C} = {3C190F4D-E054-40D5-A3F8-B94B8FB93622}
		{51C290E6-D675-407B-BC58-8A3B53BEEBF0} = {3C190F4D-E054-40D5-A3F8-B94B8FB93622}
		{F363E293-5A42-4FDA-A0A1-AD5F67985D61} = {3C190F4D-E054-40D5-A3F8-B94B8FB93622}
		{EE62D799-C98B-42C5-82C3-9D58B97492A3} = {3C190F4D-E054-40D5-A3F8-B94B8FB93622}
		{AEB07814-1A11-4170-B915-BB1CFFEA6605} = {3C190F4D-E054-40D5-A3F8-B94B8FB93622}
		{A8AE3EBC-DB4B-49CD-9A6E-3146E08F4BBD} = {3C190F4D-E054-40D5-A3F8-B94B8FB93622}
		{2F9AEAC6-D65D-4539-A1A9-29CB887130F3} = {3C190F4D-E054-40D5-A3F8-B94B8FB93622}
		{F7539F21-C45A-44AE-942C-8E470B464F32} = {3C190F4D-E054-40D5-A3F8-B94B8FB93622}
		{91EBD0ED-6F89-4474-B155-5A4B4B456149} = {3C190F4D-E054-40D5-A3F8-B94B8FB93622}
		{0BEB4416-DA48-420A-A872-7EA17EF075B7} = {EF16F41B-5830-4F5B-8F6C-BB9236E48F69}
		{D912F095-D2EC-4AAE-B5B8-7DF40B146985} = {EF16F41B-5830-4F5B-8F6C-BB9236E48F69}
		{E9319E06-214A-4EA1-BA57-C7525B5594E5} = {EF16F41B-5830-4F5B-8F6C-BB9236E48F69}
		{C54D6E4F-CFE4-4C5D-ABFF-2C76D9F06ED5} = {EF16F41B-5830-4F5B-8F6C-BB9236E48F69}
		{63A89F4D-2E5C-4E96-8514-7D4C19F7F874} = {EF16F41B-5830-4F5B-8F6C-BB9236E48F69}
		{A9E0BAFE-D45E-4DE3-9F62-0B4B7C3B140E} = {EF16F41B-5830-4F5B-8F6C-BB9236E48F69}
		{49115E6D-7728-4DAA-9DB0-96E1484B65EC} = {51A23EBC-F740-475D-83D5-4EAE45BE4DDA}
		{C9CCFEFC-5FEF-4E23-8D7D-AF41A42C31B5} = {51A23EBC-F740-475D-83D5-4EAE45BE4DDA}
		{DF923B8C-51B3-4AA8-87F3-E67F84B4D541} = {C22E8183-88B6-4786-90DD-0C2463D4A7B9}
		{BC339711-81C8-4DB7-835C-EB75CC4A0BC3} = {6F759F31-C56D-4B73-B8A7-2959343545C3}
		{045F77BC-D4D6-4A79-9230-5067F23AD344} = {6F759F31-C56D-4B73-B8A7-2959343545C3}
		{BBFD884B-78F3-4AE3-AEA6-31AC9A397474} = {7999B490-9439-4FA0-84AB-75D219B5F5DC}
		{F155C715-A82F-42F5-8A5E-5350A86710F6} = {7999B490-9439-4FA0-84AB-75D219B5F5DC}
		{7E5FBD12-6207-4E3F-9DE8-7EEA9B4BF08F} = {7999B490-9439-4FA0-84AB-75D219B5F5DC}
		{785C7052-5641-407F-945E-B892C3675C3F} = {7999B490-9439-4FA0-84AB-75D219B5F5DC}
		{7B2F9E32-7517-44EB-BF9B-5579233B44A5} = {7999B490-9439-4FA0-84AB-75D219B5F5DC}
		{9F188075-29F0-430B-955D-BEF6496122A9} = {2D623D35-4861-47CA-97E5-BD2B757359FD}
		{48EA44B5-5B42-421C-8039-30976424AD11} = {2D623D35-4861-47CA-97E5-BD2B757359FD}
		{61EDB122-89ED-414C-B574-B20CB38971EC} = {2D623D35-4861-47CA-97E5-BD2B757359FD}
		{8B631F50-9E46-4EAD-A01B-76BBBA0F7ECD} = {2D623D35-4861-47CA-97E5-BD2B757359FD}
		{71119D2A-3FAC-4662-A41C-B3FF66D8ABB5} = {2D623D35-4861-47CA-97E5-BD2B757359FD}
		{E0A2469B-E4A1-4D8E-A41E-6C917F3074B5} = {2D623D35-4861-47CA-97E5-BD2B757359FD}
		{15E1D70F-3617-4352-AB26-454A112320FB} = {6F759F31-C56D-4B73-B8A7-2959343545C3}
		{53CCE29C-CDDD-434D-9DC7-5FDFA29D211F} = {2D623D35-4861-47CA-97E5-BD2B757359FD}
		{890EF9E6-9E7E-414D-A052-4521E5B0D2AE} = {2D623D35-4861-47CA-97E5-BD2B757359FD}
		{C57273D4-EE26-43EB-A590-0DA7A6CEBBD0} = {2D623D35-4861-47CA-97E5-BD2B757359FD}
		{645D842F-3F31-4948-82BC-D9BBB0576516} = {E82BBE3F-74CC-4158-A3B9-7CCD192AE4C8}
		{5E2316D7-0239-4C99-8255-BEC19851741A} = {E82BBE3F-74CC-4158-A3B9-7CCD192AE4C8}
		{8263368E-463F-4FB9-9FD4-D0E6F2F72D67} = {E82BBE3F-74CC-4158-A3B9-7CCD192AE4C8}
		{0C2DB8C4-879B-41E0-B6BE-E0BD13E5A994} = {4BA70AF5-4987-4107-8350-7CDA551863D3}
		{D3EB5C92-2FA6-466D-A09D-D2567C2FBF9B} = {6AEF75BF-978D-4FA9-AEF8-7C8983A34217}
		{9ABB7AA5-BFB9-4975-80C7-69B4AEFEF795} = {4BA70AF5-4987-4107-8350-7CDA551863D3}
		{13F8477B-8F3F-43AF-845A-86061EB3C784} = {73E5F7D6-A6B5-4ECE-B20A-B1578C972255}
		{5CEAC432-FC6F-44D4-9CD6-20641292FA6B} = {9233728D-FB93-4BD0-846E-9AA2E1C3B2BE}
		{1F655677-3BF6-4240-B52B-FCFB8C4D23C2} = {6F759F31-C56D-4B73-B8A7-2959343545C3}
		{51E3602C-8D21-4F9A-95D5-27DBCD0AE5B5} = {846926E5-5ADE-4722-B78E-6DEB90E76838}
		{9DF57131-2236-4A67-8154-592120FA7B03} = {846926E5-5ADE-4722-B78E-6DEB90E76838}
		{082D320A-7AAA-40CC-91D2-A092E478B75B} = {846926E5-5ADE-4722-B78E-6DEB90E76838}
		{D56D54A8-C56F-43C7-8257-60A659AB7294} = {846926E5-5ADE-4722-B78E-6DEB90E76838}
	EndGlobalSection
	GlobalSection(ExtensibilityGlobals) = postSolution
		SolutionGuid = {598CB04F-50CE-4F0A-8871-2A1732B74159}
	EndGlobalSection
EndGlobal
