
Microsoft Visual Studio Solution File, Format Version 12.00
# Visual Studio 15
VisualStudioVersion = 15.0.27428.1
MinimumVisualStudioVersion = 10.0.40219.1
Project("{2150E333-8FDC-42A3-9474-1A3956D46DE8}") = "01 kintamieji", "01 kintamieji", "{6C43422B-CC84-4A69-A99E-EDD23A91E7B9}"
EndProject
Project("{2150E333-8FDC-42A3-9474-1A3956D46DE8}") = "02 isvedimas", "02 isvedimas", "{F6ABB757-994F-4D82-AF14-067FA6E8EDEC}"
EndProject
Project("{FAE04EC0-301F-11D3-BF4B-00C04F79EFBC}") = "01 Ivedimas", "01 Ivedimas\01 Ivedimas.csproj", "{942087B1-B62B-447D-840A-B7B09ED9C952}"
EndProject
Project("{FAE04EC0-301F-11D3-BF4B-00C04F79EFBC}") = "2-1", "2-1\2-1.csproj", "{D6A52059-E89E-498D-A15E-3B554D9700E6}"
EndProject
Project("{FAE04EC0-301F-11D3-BF4B-00C04F79EFBC}") = "2-2", "2-2\2-2.csproj", "{6F9340A8-8429-40E6-AB6F-486532030016}"
EndProject
Project("{2150E333-8FDC-42A3-9474-1A3956D46DE8}") = "03 ivedimas", "03 ivedimas", "{4FEB0FB6-BD6E-4BF1-AE2A-8F53E1C9BFF0}"
EndProject
Project("{FAE04EC0-301F-11D3-BF4B-00C04F79EFBC}") = "3-1", "3-1\3-1.csproj", "{E0AD7BC9-CA4B-4EAF-B510-E7FED7D6D7B4}"
EndProject
Project("{FAE04EC0-301F-11D3-BF4B-00C04F79EFBC}") = "3-2", "3-2\3-2.csproj", "{8170107C-ACC5-45AA-B2A8-DF0FEC33CFC6}"
EndProject
Project("{2150E333-8FDC-42A3-9474-1A3956D46DE8}") = "04 aritmetiniai veiksmai", "04 aritmetiniai veiksmai", "{F409A05F-CB9F-474E-ABB7-7589538193E3}"
EndProject
Project("{FAE04EC0-301F-11D3-BF4B-00C04F79EFBC}") = "4-1", "4-1\4-1.csproj", "{ED06F6EE-0FD9-4F6B-950A-BA9E7577D8E6}"
EndProject
Project("{2150E333-8FDC-42A3-9474-1A3956D46DE8}") = "Uzduotys is lapo", "Uzduotys is lapo", "{6F759F31-C56D-4B73-B8A7-2959343545C3}"
EndProject
Project("{FAE04EC0-301F-11D3-BF4B-00C04F79EFBC}") = "001", "001\001.csproj", "{E103CB81-A30E-411A-BC49-1900CDB7441C}"
EndProject
Project("{FAE04EC0-301F-11D3-BF4B-00C04F79EFBC}") = "002", "002\002.csproj", "{55F8AC42-6D48-4C2C-92F1-986737835E43}"
EndProject
Project("{FAE04EC0-301F-11D3-BF4B-00C04F79EFBC}") = "4-2", "4-2\4-2.csproj", "{BAF733B7-7932-4F26-8C5C-6674B02E1194}"
EndProject
Project("{FAE04EC0-301F-11D3-BF4B-00C04F79EFBC}") = "003", "003\003.csproj", "{61BE5CCF-BF91-4022-BB4F-D7127F210A7E}"
EndProject
Project("{FAE04EC0-301F-11D3-BF4B-00C04F79EFBC}") = "004", "004\004.csproj", "{80F74A86-FAF7-4BFA-BCAC-B7760877BE2B}"
EndProject
Project("{FAE04EC0-301F-11D3-BF4B-00C04F79EFBC}") = "005", "005\005.csproj", "{EDF1C988-9670-44A9-B104-CFAB81B85F3A}"
EndProject
Project("{FAE04EC0-301F-11D3-BF4B-00C04F79EFBC}") = "006", "006\006.csproj", "{388CD141-6C08-4FD3-97CA-87E275A982B1}"
EndProject
Project("{FAE04EC0-301F-11D3-BF4B-00C04F79EFBC}") = "054", "054\054.csproj", "{0192B7AA-8DA9-4B1E-88B1-D9A59290118D}"
EndProject
Project("{FAE04EC0-301F-11D3-BF4B-00C04F79EFBC}") = "055", "055\055.csproj", "{9C66D57D-AB3F-4866-8748-26B0564275C0}"
EndProject
Project("{2150E333-8FDC-42A3-9474-1A3956D46DE8}") = "05 if", "05 if", "{3CB6D032-D0AB-47DB-A885-CAA425A425C2}"
EndProject
Project("{FAE04EC0-301F-11D3-BF4B-00C04F79EFBC}") = "5-1", "5-1\5-1.csproj", "{82A18377-1919-44B9-83F5-9383249F2A95}"
EndProject
Project("{FAE04EC0-301F-11D3-BF4B-00C04F79EFBC}") = "5-2", "5-2\5-2.csproj", "{A6280E03-58C4-4000-BF88-D59B65A2608B}"
EndProject
Project("{2150E333-8FDC-42A3-9474-1A3956D46DE8}") = "06 else if", "06 else if", "{43AA2B95-569B-4E7D-A167-8161A3D928A5}"
EndProject
Project("{FAE04EC0-301F-11D3-BF4B-00C04F79EFBC}") = "6-1", "6-1\6-1.csproj", "{636365A7-37DF-4479-9512-14070F43CD18}"
EndProject
Project("{2150E333-8FDC-42A3-9474-1A3956D46DE8}") = "07 else", "07 else", "{2486B7BA-3A64-47DB-90D3-D1B8FEF40907}"
EndProject
Project("{FAE04EC0-301F-11D3-BF4B-00C04F79EFBC}") = "7-1", "7-1\7-1.csproj", "{561A9DD8-E7F3-4AD7-BDD3-8CF539F2EC3C}"
EndProject
Project("{FAE04EC0-301F-11D3-BF4B-00C04F79EFBC}") = "012", "012\012.csproj", "{160D88AD-0091-4104-B113-18DF1FA2B242}"
EndProject
Project("{FAE04EC0-301F-11D3-BF4B-00C04F79EFBC}") = "023", "023\023.csproj", "{2F6B030D-6949-484D-9179-9F1D15DC583F}"
EndProject
Project("{FAE04EC0-301F-11D3-BF4B-00C04F79EFBC}") = "Skaiciuotuvas", "Skaiciuotuvas\Skaiciuotuvas.csproj", "{9D64B851-D77B-46E3-937E-1A02EC46030C}"
EndProject
Project("{FAE04EC0-301F-11D3-BF4B-00C04F79EFBC}") = "Ar susidaro trikampis", "Ar susidaro trikampis\Ar susidaro trikampis.csproj", "{8CA16C3D-59AB-4883-BEFE-0C90A3F72456}"
EndProject
Project("{FAE04EC0-301F-11D3-BF4B-00C04F79EFBC}") = "defektuotas kamuolys", "defektuotas kamuolys\defektuotas kamuolys.csproj", "{15B56D8F-370A-4AB6-A3FB-81254E8E2E87}"
EndProject
Project("{FAE04EC0-301F-11D3-BF4B-00C04F79EFBC}") = "007", "007\007.csproj", "{937C392D-D39F-4477-BA5F-FA4FFFDA16BF}"
EndProject
Project("{FAE04EC0-301F-11D3-BF4B-00C04F79EFBC}") = "7-2", "7-2\7-2.csproj", "{0F9A12A9-8390-42AE-A764-57805AD42CF6}"
EndProject
Project("{FAE04EC0-301F-11D3-BF4B-00C04F79EFBC}") = "7-3", "7-3\7-3.csproj", "{75645011-4836-479C-B9F3-7F8E970490F2}"
EndProject
Global
	GlobalSection(SolutionConfigurationPlatforms) = preSolution
		Debug|Any CPU = Debug|Any CPU
		Release|Any CPU = Release|Any CPU
	EndGlobalSection
	GlobalSection(ProjectConfigurationPlatforms) = postSolution
		{942087B1-B62B-447D-840A-B7B09ED9C952}.Debug|Any CPU.ActiveCfg = Debug|Any CPU
		{942087B1-B62B-447D-840A-B7B09ED9C952}.Debug|Any CPU.Build.0 = Debug|Any CPU
		{942087B1-B62B-447D-840A-B7B09ED9C952}.Release|Any CPU.ActiveCfg = Release|Any CPU
		{942087B1-B62B-447D-840A-B7B09ED9C952}.Release|Any CPU.Build.0 = Release|Any CPU
		{D6A52059-E89E-498D-A15E-3B554D9700E6}.Debug|Any CPU.ActiveCfg = Debug|Any CPU
		{D6A52059-E89E-498D-A15E-3B554D9700E6}.Debug|Any CPU.Build.0 = Debug|Any CPU
		{D6A52059-E89E-498D-A15E-3B554D9700E6}.Release|Any CPU.ActiveCfg = Release|Any CPU
		{D6A52059-E89E-498D-A15E-3B554D9700E6}.Release|Any CPU.Build.0 = Release|Any CPU
		{6F9340A8-8429-40E6-AB6F-486532030016}.Debug|Any CPU.ActiveCfg = Debug|Any CPU
		{6F9340A8-8429-40E6-AB6F-486532030016}.Debug|Any CPU.Build.0 = Debug|Any CPU
		{6F9340A8-8429-40E6-AB6F-486532030016}.Release|Any CPU.ActiveCfg = Release|Any CPU
		{6F9340A8-8429-40E6-AB6F-486532030016}.Release|Any CPU.Build.0 = Release|Any CPU
		{E0AD7BC9-CA4B-4EAF-B510-E7FED7D6D7B4}.Debug|Any CPU.ActiveCfg = Debug|Any CPU
		{E0AD7BC9-CA4B-4EAF-B510-E7FED7D6D7B4}.Debug|Any CPU.Build.0 = Debug|Any CPU
		{E0AD7BC9-CA4B-4EAF-B510-E7FED7D6D7B4}.Release|Any CPU.ActiveCfg = Release|Any CPU
		{E0AD7BC9-CA4B-4EAF-B510-E7FED7D6D7B4}.Release|Any CPU.Build.0 = Release|Any CPU
		{8170107C-ACC5-45AA-B2A8-DF0FEC33CFC6}.Debug|Any CPU.ActiveCfg = Debug|Any CPU
		{8170107C-ACC5-45AA-B2A8-DF0FEC33CFC6}.Debug|Any CPU.Build.0 = Debug|Any CPU
		{8170107C-ACC5-45AA-B2A8-DF0FEC33CFC6}.Release|Any CPU.ActiveCfg = Release|Any CPU
		{8170107C-ACC5-45AA-B2A8-DF0FEC33CFC6}.Release|Any CPU.Build.0 = Release|Any CPU
		{ED06F6EE-0FD9-4F6B-950A-BA9E7577D8E6}.Debug|Any CPU.ActiveCfg = Debug|Any CPU
		{ED06F6EE-0FD9-4F6B-950A-BA9E7577D8E6}.Debug|Any CPU.Build.0 = Debug|Any CPU
		{ED06F6EE-0FD9-4F6B-950A-BA9E7577D8E6}.Release|Any CPU.ActiveCfg = Release|Any CPU
		{ED06F6EE-0FD9-4F6B-950A-BA9E7577D8E6}.Release|Any CPU.Build.0 = Release|Any CPU
		{E103CB81-A30E-411A-BC49-1900CDB7441C}.Debug|Any CPU.ActiveCfg = Debug|Any CPU
		{E103CB81-A30E-411A-BC49-1900CDB7441C}.Debug|Any CPU.Build.0 = Debug|Any CPU
		{E103CB81-A30E-411A-BC49-1900CDB7441C}.Release|Any CPU.ActiveCfg = Release|Any CPU
		{E103CB81-A30E-411A-BC49-1900CDB7441C}.Release|Any CPU.Build.0 = Release|Any CPU
		{55F8AC42-6D48-4C2C-92F1-986737835E43}.Debug|Any CPU.ActiveCfg = Debug|Any CPU
		{55F8AC42-6D48-4C2C-92F1-986737835E43}.Debug|Any CPU.Build.0 = Debug|Any CPU
		{55F8AC42-6D48-4C2C-92F1-986737835E43}.Release|Any CPU.ActiveCfg = Release|Any CPU
		{55F8AC42-6D48-4C2C-92F1-986737835E43}.Release|Any CPU.Build.0 = Release|Any CPU
		{BAF733B7-7932-4F26-8C5C-6674B02E1194}.Debug|Any CPU.ActiveCfg = Debug|Any CPU
		{BAF733B7-7932-4F26-8C5C-6674B02E1194}.Debug|Any CPU.Build.0 = Debug|Any CPU
		{BAF733B7-7932-4F26-8C5C-6674B02E1194}.Release|Any CPU.ActiveCfg = Release|Any CPU
		{BAF733B7-7932-4F26-8C5C-6674B02E1194}.Release|Any CPU.Build.0 = Release|Any CPU
		{61BE5CCF-BF91-4022-BB4F-D7127F210A7E}.Debug|Any CPU.ActiveCfg = Debug|Any CPU
		{61BE5CCF-BF91-4022-BB4F-D7127F210A7E}.Debug|Any CPU.Build.0 = Debug|Any CPU
		{61BE5CCF-BF91-4022-BB4F-D7127F210A7E}.Release|Any CPU.ActiveCfg = Release|Any CPU
		{61BE5CCF-BF91-4022-BB4F-D7127F210A7E}.Release|Any CPU.Build.0 = Release|Any CPU
		{80F74A86-FAF7-4BFA-BCAC-B7760877BE2B}.Debug|Any CPU.ActiveCfg = Debug|Any CPU
		{80F74A86-FAF7-4BFA-BCAC-B7760877BE2B}.Debug|Any CPU.Build.0 = Debug|Any CPU
		{80F74A86-FAF7-4BFA-BCAC-B7760877BE2B}.Release|Any CPU.ActiveCfg = Release|Any CPU
		{80F74A86-FAF7-4BFA-BCAC-B7760877BE2B}.Release|Any CPU.Build.0 = Release|Any CPU
		{EDF1C988-9670-44A9-B104-CFAB81B85F3A}.Debug|Any CPU.ActiveCfg = Debug|Any CPU
		{EDF1C988-9670-44A9-B104-CFAB81B85F3A}.Debug|Any CPU.Build.0 = Debug|Any CPU
		{EDF1C988-9670-44A9-B104-CFAB81B85F3A}.Release|Any CPU.ActiveCfg = Release|Any CPU
		{EDF1C988-9670-44A9-B104-CFAB81B85F3A}.Release|Any CPU.Build.0 = Release|Any CPU
		{388CD141-6C08-4FD3-97CA-87E275A982B1}.Debug|Any CPU.ActiveCfg = Debug|Any CPU
		{388CD141-6C08-4FD3-97CA-87E275A982B1}.Debug|Any CPU.Build.0 = Debug|Any CPU
		{388CD141-6C08-4FD3-97CA-87E275A982B1}.Release|Any CPU.ActiveCfg = Release|Any CPU
		{388CD141-6C08-4FD3-97CA-87E275A982B1}.Release|Any CPU.Build.0 = Release|Any CPU
		{0192B7AA-8DA9-4B1E-88B1-D9A59290118D}.Debug|Any CPU.ActiveCfg = Debug|Any CPU
		{0192B7AA-8DA9-4B1E-88B1-D9A59290118D}.Debug|Any CPU.Build.0 = Debug|Any CPU
		{0192B7AA-8DA9-4B1E-88B1-D9A59290118D}.Release|Any CPU.ActiveCfg = Release|Any CPU
		{0192B7AA-8DA9-4B1E-88B1-D9A59290118D}.Release|Any CPU.Build.0 = Release|Any CPU
		{9C66D57D-AB3F-4866-8748-26B0564275C0}.Debug|Any CPU.ActiveCfg = Debug|Any CPU
		{9C66D57D-AB3F-4866-8748-26B0564275C0}.Debug|Any CPU.Build.0 = Debug|Any CPU
		{9C66D57D-AB3F-4866-8748-26B0564275C0}.Release|Any CPU.ActiveCfg = Release|Any CPU
		{9C66D57D-AB3F-4866-8748-26B0564275C0}.Release|Any CPU.Build.0 = Release|Any CPU
		{82A18377-1919-44B9-83F5-9383249F2A95}.Debug|Any CPU.ActiveCfg = Debug|Any CPU
		{82A18377-1919-44B9-83F5-9383249F2A95}.Debug|Any CPU.Build.0 = Debug|Any CPU
		{82A18377-1919-44B9-83F5-9383249F2A95}.Release|Any CPU.ActiveCfg = Release|Any CPU
		{82A18377-1919-44B9-83F5-9383249F2A95}.Release|Any CPU.Build.0 = Release|Any CPU
		{A6280E03-58C4-4000-BF88-D59B65A2608B}.Debug|Any CPU.ActiveCfg = Debug|Any CPU
		{A6280E03-58C4-4000-BF88-D59B65A2608B}.Debug|Any CPU.Build.0 = Debug|Any CPU
		{A6280E03-58C4-4000-BF88-D59B65A2608B}.Release|Any CPU.ActiveCfg = Release|Any CPU
		{A6280E03-58C4-4000-BF88-D59B65A2608B}.Release|Any CPU.Build.0 = Release|Any CPU
		{636365A7-37DF-4479-9512-14070F43CD18}.Debug|Any CPU.ActiveCfg = Debug|Any CPU
		{636365A7-37DF-4479-9512-14070F43CD18}.Debug|Any CPU.Build.0 = Debug|Any CPU
		{636365A7-37DF-4479-9512-14070F43CD18}.Release|Any CPU.ActiveCfg = Release|Any CPU
		{636365A7-37DF-4479-9512-14070F43CD18}.Release|Any CPU.Build.0 = Release|Any CPU
		{561A9DD8-E7F3-4AD7-BDD3-8CF539F2EC3C}.Debug|Any CPU.ActiveCfg = Debug|Any CPU
		{561A9DD8-E7F3-4AD7-BDD3-8CF539F2EC3C}.Debug|Any CPU.Build.0 = Debug|Any CPU
		{561A9DD8-E7F3-4AD7-BDD3-8CF539F2EC3C}.Release|Any CPU.ActiveCfg = Release|Any CPU
		{561A9DD8-E7F3-4AD7-BDD3-8CF539F2EC3C}.Release|Any CPU.Build.0 = Release|Any CPU
		{160D88AD-0091-4104-B113-18DF1FA2B242}.Debug|Any CPU.ActiveCfg = Debug|Any CPU
		{160D88AD-0091-4104-B113-18DF1FA2B242}.Debug|Any CPU.Build.0 = Debug|Any CPU
		{160D88AD-0091-4104-B113-18DF1FA2B242}.Release|Any CPU.ActiveCfg = Release|Any CPU
		{160D88AD-0091-4104-B113-18DF1FA2B242}.Release|Any CPU.Build.0 = Release|Any CPU
		{2F6B030D-6949-484D-9179-9F1D15DC583F}.Debug|Any CPU.ActiveCfg = Debug|Any CPU
		{2F6B030D-6949-484D-9179-9F1D15DC583F}.Debug|Any CPU.Build.0 = Debug|Any CPU
		{2F6B030D-6949-484D-9179-9F1D15DC583F}.Release|Any CPU.ActiveCfg = Release|Any CPU
		{2F6B030D-6949-484D-9179-9F1D15DC583F}.Release|Any CPU.Build.0 = Release|Any CPU
		{9D64B851-D77B-46E3-937E-1A02EC46030C}.Debug|Any CPU.ActiveCfg = Debug|Any CPU
		{9D64B851-D77B-46E3-937E-1A02EC46030C}.Debug|Any CPU.Build.0 = Debug|Any CPU
		{9D64B851-D77B-46E3-937E-1A02EC46030C}.Release|Any CPU.ActiveCfg = Release|Any CPU
		{9D64B851-D77B-46E3-937E-1A02EC46030C}.Release|Any CPU.Build.0 = Release|Any CPU
		{8CA16C3D-59AB-4883-BEFE-0C90A3F72456}.Debug|Any CPU.ActiveCfg = Debug|Any CPU
		{8CA16C3D-59AB-4883-BEFE-0C90A3F72456}.Debug|Any CPU.Build.0 = Debug|Any CPU
		{8CA16C3D-59AB-4883-BEFE-0C90A3F72456}.Release|Any CPU.ActiveCfg = Release|Any CPU
		{8CA16C3D-59AB-4883-BEFE-0C90A3F72456}.Release|Any CPU.Build.0 = Release|Any CPU
		{15B56D8F-370A-4AB6-A3FB-81254E8E2E87}.Debug|Any CPU.ActiveCfg = Debug|Any CPU
		{15B56D8F-370A-4AB6-A3FB-81254E8E2E87}.Debug|Any CPU.Build.0 = Debug|Any CPU
		{15B56D8F-370A-4AB6-A3FB-81254E8E2E87}.Release|Any CPU.ActiveCfg = Release|Any CPU
		{15B56D8F-370A-4AB6-A3FB-81254E8E2E87}.Release|Any CPU.Build.0 = Release|Any CPU
		{937C392D-D39F-4477-BA5F-FA4FFFDA16BF}.Debug|Any CPU.ActiveCfg = Debug|Any CPU
		{937C392D-D39F-4477-BA5F-FA4FFFDA16BF}.Debug|Any CPU.Build.0 = Debug|Any CPU
		{937C392D-D39F-4477-BA5F-FA4FFFDA16BF}.Release|Any CPU.ActiveCfg = Release|Any CPU
		{937C392D-D39F-4477-BA5F-FA4FFFDA16BF}.Release|Any CPU.Build.0 = Release|Any CPU
		{0F9A12A9-8390-42AE-A764-57805AD42CF6}.Debug|Any CPU.ActiveCfg = Debug|Any CPU
		{0F9A12A9-8390-42AE-A764-57805AD42CF6}.Debug|Any CPU.Build.0 = Debug|Any CPU
		{0F9A12A9-8390-42AE-A764-57805AD42CF6}.Release|Any CPU.ActiveCfg = Release|Any CPU
		{0F9A12A9-8390-42AE-A764-57805AD42CF6}.Release|Any CPU.Build.0 = Release|Any CPU
		{75645011-4836-479C-B9F3-7F8E970490F2}.Debug|Any CPU.ActiveCfg = Debug|Any CPU
		{75645011-4836-479C-B9F3-7F8E970490F2}.Debug|Any CPU.Build.0 = Debug|Any CPU
		{75645011-4836-479C-B9F3-7F8E970490F2}.Release|Any CPU.ActiveCfg = Release|Any CPU
		{75645011-4836-479C-B9F3-7F8E970490F2}.Release|Any CPU.Build.0 = Release|Any CPU
	EndGlobalSection
	GlobalSection(SolutionProperties) = preSolution
		HideSolutionNode = FALSE
	EndGlobalSection
	GlobalSection(NestedProjects) = preSolution
		{942087B1-B62B-447D-840A-B7B09ED9C952} = {6C43422B-CC84-4A69-A99E-EDD23A91E7B9}
		{D6A52059-E89E-498D-A15E-3B554D9700E6} = {F6ABB757-994F-4D82-AF14-067FA6E8EDEC}
		{6F9340A8-8429-40E6-AB6F-486532030016} = {F6ABB757-994F-4D82-AF14-067FA6E8EDEC}
		{E0AD7BC9-CA4B-4EAF-B510-E7FED7D6D7B4} = {4FEB0FB6-BD6E-4BF1-AE2A-8F53E1C9BFF0}
		{8170107C-ACC5-45AA-B2A8-DF0FEC33CFC6} = {4FEB0FB6-BD6E-4BF1-AE2A-8F53E1C9BFF0}
		{ED06F6EE-0FD9-4F6B-950A-BA9E7577D8E6} = {F409A05F-CB9F-474E-ABB7-7589538193E3}
		{E103CB81-A30E-411A-BC49-1900CDB7441C} = {6F759F31-C56D-4B73-B8A7-2959343545C3}
		{55F8AC42-6D48-4C2C-92F1-986737835E43} = {6F759F31-C56D-4B73-B8A7-2959343545C3}
		{BAF733B7-7932-4F26-8C5C-6674B02E1194} = {F409A05F-CB9F-474E-ABB7-7589538193E3}
		{61BE5CCF-BF91-4022-BB4F-D7127F210A7E} = {6F759F31-C56D-4B73-B8A7-2959343545C3}
		{80F74A86-FAF7-4BFA-BCAC-B7760877BE2B} = {6F759F31-C56D-4B73-B8A7-2959343545C3}
		{EDF1C988-9670-44A9-B104-CFAB81B85F3A} = {6F759F31-C56D-4B73-B8A7-2959343545C3}
		{388CD141-6C08-4FD3-97CA-87E275A982B1} = {6F759F31-C56D-4B73-B8A7-2959343545C3}
		{0192B7AA-8DA9-4B1E-88B1-D9A59290118D} = {6F759F31-C56D-4B73-B8A7-2959343545C3}
		{9C66D57D-AB3F-4866-8748-26B0564275C0} = {6F759F31-C56D-4B73-B8A7-2959343545C3}
		{82A18377-1919-44B9-83F5-9383249F2A95} = {3CB6D032-D0AB-47DB-A885-CAA425A425C2}
		{A6280E03-58C4-4000-BF88-D59B65A2608B} = {3CB6D032-D0AB-47DB-A885-CAA425A425C2}
		{636365A7-37DF-4479-9512-14070F43CD18} = {43AA2B95-569B-4E7D-A167-8161A3D928A5}
		{561A9DD8-E7F3-4AD7-BDD3-8CF539F2EC3C} = {2486B7BA-3A64-47DB-90D3-D1B8FEF40907}
		{160D88AD-0091-4104-B113-18DF1FA2B242} = {6F759F31-C56D-4B73-B8A7-2959343545C3}
		{2F6B030D-6949-484D-9179-9F1D15DC583F} = {6F759F31-C56D-4B73-B8A7-2959343545C3}
		{9D64B851-D77B-46E3-937E-1A02EC46030C} = {2486B7BA-3A64-47DB-90D3-D1B8FEF40907}
		{8CA16C3D-59AB-4883-BEFE-0C90A3F72456} = {2486B7BA-3A64-47DB-90D3-D1B8FEF40907}
		{15B56D8F-370A-4AB6-A3FB-81254E8E2E87} = {2486B7BA-3A64-47DB-90D3-D1B8FEF40907}
		{937C392D-D39F-4477-BA5F-FA4FFFDA16BF} = {6F759F31-C56D-4B73-B8A7-2959343545C3}
		{0F9A12A9-8390-42AE-A764-57805AD42CF6} = {2486B7BA-3A64-47DB-90D3-D1B8FEF40907}
		{75645011-4836-479C-B9F3-7F8E970490F2} = {2486B7BA-3A64-47DB-90D3-D1B8FEF40907}
	EndGlobalSection
	GlobalSection(ExtensibilityGlobals) = postSolution
		SolutionGuid = {598CB04F-50CE-4F0A-8871-2A1732B74159}
	EndGlobalSection
EndGlobal
